
Microsoft Visual Studio Solution File, Format Version 11.00
# Visual Studio 2010
Project("{8BC9CEB8-8B4A-11D0-8D11-00A0C91BC942}") = "MedImgArithmetic", "MedImgArithmetic\MedImgArithmetic.vcxproj", "{87B0A18A-1CD6-4A06-98C1-819DB34C45E1}"
	ProjectSection(ProjectDependencies) = postProject
		{712DB1D2-3EB3-40AA-ABBE-F786AFE7D03B} = {712DB1D2-3EB3-40AA-ABBE-F786AFE7D03B}
	EndProjectSection
EndProject
Project("{8BC9CEB8-8B4A-11D0-8D11-00A0C91BC942}") = "MedImgCommon", "MedImgCommon\MedImgCommon.vcxproj", "{712DB1D2-3EB3-40AA-ABBE-F786AFE7D03B}"
EndProject
Project("{8BC9CEB8-8B4A-11D0-8D11-00A0C91BC942}") = "MedImgGLResource", "MedImgGLResource\MedImgGLResource.vcxproj", "{CAE2EB4A-5B70-4518-B29C-323EE8245349}"
	ProjectSection(ProjectDependencies) = postProject
		{712DB1D2-3EB3-40AA-ABBE-F786AFE7D03B} = {712DB1D2-3EB3-40AA-ABBE-F786AFE7D03B}
	EndProjectSection
EndProject
Project("{8BC9CEB8-8B4A-11D0-8D11-00A0C91BC942}") = "MedImgRenderAlgorithm", "MedImgRenderAlgorithm\MedImgRenderAlgorithm.vcxproj", "{629B1DC9-7923-4DE3-A892-53B65E90DB69}"
	ProjectSection(ProjectDependencies) = postProject
		{F63D9A36-1EA2-4B6D-BA53-2380C747F789} = {F63D9A36-1EA2-4B6D-BA53-2380C747F789}
		{CAE2EB4A-5B70-4518-B29C-323EE8245349} = {CAE2EB4A-5B70-4518-B29C-323EE8245349}
		{835B8C4E-D8A8-45CE-82F4-739CD390C4D6} = {835B8C4E-D8A8-45CE-82F4-739CD390C4D6}
		{87B0A18A-1CD6-4A06-98C1-819DB34C45E1} = {87B0A18A-1CD6-4A06-98C1-819DB34C45E1}
		{712DB1D2-3EB3-40AA-ABBE-F786AFE7D03B} = {712DB1D2-3EB3-40AA-ABBE-F786AFE7D03B}
	EndProjectSection
EndProject
Project("{8BC9CEB8-8B4A-11D0-8D11-00A0C91BC942}") = "MedImgIO", "MedImgIO\MedImgIO.vcxproj", "{835B8C4E-D8A8-45CE-82F4-739CD390C4D6}"
	ProjectSection(ProjectDependencies) = postProject
		{87B0A18A-1CD6-4A06-98C1-819DB34C45E1} = {87B0A18A-1CD6-4A06-98C1-819DB34C45E1}
		{712DB1D2-3EB3-40AA-ABBE-F786AFE7D03B} = {712DB1D2-3EB3-40AA-ABBE-F786AFE7D03B}
	EndProjectSection
EndProject
Project("{8BC9CEB8-8B4A-11D0-8D11-00A0C91BC942}") = "MedImgIO_UT", "MedImgIO_UT\MedImgIO_UT.vcxproj", "{F071BAE3-278A-4067-818D-E9A8FE0CCF0A}"
	ProjectSection(ProjectDependencies) = postProject
		{835B8C4E-D8A8-45CE-82F4-739CD390C4D6} = {835B8C4E-D8A8-45CE-82F4-739CD390C4D6}
	EndProjectSection
EndProject
Project("{8BC9CEB8-8B4A-11D0-8D11-00A0C91BC942}") = "MedImgGLResource_UT", "MedImgGLResource_UT\MedImgGLResource_UT.vcxproj", "{46506EED-1DF6-4812-9113-C656FD460061}"
	ProjectSection(ProjectDependencies) = postProject
		{CAE2EB4A-5B70-4518-B29C-323EE8245349} = {CAE2EB4A-5B70-4518-B29C-323EE8245349}
	EndProjectSection
EndProject
Project("{8BC9CEB8-8B4A-11D0-8D11-00A0C91BC942}") = "MedImgRenderAlgorithm_UT", "MedImgRenderAlgorithm_UT\MedImgRenderAlgorithm_UT.vcxproj", "{500FDD3F-C4E3-483C-86C0-FDB37FE44A3F}"
	ProjectSection(ProjectDependencies) = postProject
		{629B1DC9-7923-4DE3-A892-53B65E90DB69} = {629B1DC9-7923-4DE3-A892-53B65E90DB69}
	EndProjectSection
EndProject
Project("{8BC9CEB8-8B4A-11D0-8D11-00A0C91BC942}") = "MedImgArithmetic_UT", "MedImgArithmetic_UT\MedImgArithmetic_UT.vcxproj", "{AD77407B-1D0D-4974-BFA8-8B2166AA9E37}"
	ProjectSection(ProjectDependencies) = postProject
		{87B0A18A-1CD6-4A06-98C1-819DB34C45E1} = {87B0A18A-1CD6-4A06-98C1-819DB34C45E1}
	EndProjectSection
EndProject
Project("{8BC9CEB8-8B4A-11D0-8D11-00A0C91BC942}") = "MedImgQtWidgets", "MedImgQtWidgets\MedImgQtWidgets.vcxproj", "{77F67B84-94F5-42E8-A898-1E5007FC47E4}"
	ProjectSection(ProjectDependencies) = postProject
		{CAE2EB4A-5B70-4518-B29C-323EE8245349} = {CAE2EB4A-5B70-4518-B29C-323EE8245349}
		{835B8C4E-D8A8-45CE-82F4-739CD390C4D6} = {835B8C4E-D8A8-45CE-82F4-739CD390C4D6}
		{87B0A18A-1CD6-4A06-98C1-819DB34C45E1} = {87B0A18A-1CD6-4A06-98C1-819DB34C45E1}
		{629B1DC9-7923-4DE3-A892-53B65E90DB69} = {629B1DC9-7923-4DE3-A892-53B65E90DB69}
		{712DB1D2-3EB3-40AA-ABBE-F786AFE7D03B} = {712DB1D2-3EB3-40AA-ABBE-F786AFE7D03B}
	EndProjectSection
EndProject
Project("{8BC9CEB8-8B4A-11D0-8D11-00A0C91BC942}") = "MedImgQtWidgets_UT", "MedImgQtWidgets_UT\MedImgQtWidgets_UT.vcxproj", "{A0A72B4C-2A2A-48DE-A369-F44CE1124B98}"
	ProjectSection(ProjectDependencies) = postProject
		{77F67B84-94F5-42E8-A898-1E5007FC47E4} = {77F67B84-94F5-42E8-A898-1E5007FC47E4}
	EndProjectSection
EndProject
Project("{8BC9CEB8-8B4A-11D0-8D11-00A0C91BC942}") = "MedImgShaderEncoder", "MedImgShaderEncoder\MedImgShaderEncoder.vcxproj", "{F63D9A36-1EA2-4B6D-BA53-2380C747F789}"
EndProject
Project("{8BC9CEB8-8B4A-11D0-8D11-00A0C91BC942}") = "NoduleAnnotation", "NoduleAnnotation\NoduleAnnotation.vcxproj", "{47998C41-B2D4-4A57-803A-FD8E81D439B4}"
	ProjectSection(ProjectDependencies) = postProject
		{CAE2EB4A-5B70-4518-B29C-323EE8245349} = {CAE2EB4A-5B70-4518-B29C-323EE8245349}
		{835B8C4E-D8A8-45CE-82F4-739CD390C4D6} = {835B8C4E-D8A8-45CE-82F4-739CD390C4D6}
		{77F67B84-94F5-42E8-A898-1E5007FC47E4} = {77F67B84-94F5-42E8-A898-1E5007FC47E4}
		{87B0A18A-1CD6-4A06-98C1-819DB34C45E1} = {87B0A18A-1CD6-4A06-98C1-819DB34C45E1}
		{629B1DC9-7923-4DE3-A892-53B65E90DB69} = {629B1DC9-7923-4DE3-A892-53B65E90DB69}
		{712DB1D2-3EB3-40AA-ABBE-F786AFE7D03B} = {712DB1D2-3EB3-40AA-ABBE-F786AFE7D03B}
	EndProjectSection
EndProject
Project("{2150E333-8FDC-42A3-9474-1A3956D46DE8}") = "UT", "UT", "{6D1D066E-73B7-477F-8506-AAC04E545393}"
EndProject
Project("{8BC9CEB8-8B4A-11D0-8D11-00A0C91BC942}") = "MedImgAnonymization", "MedImgAnonymization\MedImgAnonymization.vcxproj", "{11DDA0D4-F26E-4EC7-ADA4-AFDF4B22A992}"
EndProject
Project("{2150E333-8FDC-42A3-9474-1A3956D46DE8}") = "Tools", "Tools", "{67BFFD06-EE56-4812-A26D-13FB7DDAE9CF}"
EndProject
Global
	GlobalSection(SolutionConfigurationPlatforms) = preSolution
		Debug|Win32 = Debug|Win32
		Debug|x64 = Debug|x64
		Release|Win32 = Release|Win32
		Release|x64 = Release|x64
	EndGlobalSection
	GlobalSection(ProjectConfigurationPlatforms) = postSolution
		{87B0A18A-1CD6-4A06-98C1-819DB34C45E1}.Debug|Win32.ActiveCfg = Debug|Win32
		{87B0A18A-1CD6-4A06-98C1-819DB34C45E1}.Debug|Win32.Build.0 = Debug|Win32
		{87B0A18A-1CD6-4A06-98C1-819DB34C45E1}.Debug|x64.ActiveCfg = Debug|x64
		{87B0A18A-1CD6-4A06-98C1-819DB34C45E1}.Debug|x64.Build.0 = Debug|x64
		{87B0A18A-1CD6-4A06-98C1-819DB34C45E1}.Release|Win32.ActiveCfg = Release|Win32
		{87B0A18A-1CD6-4A06-98C1-819DB34C45E1}.Release|Win32.Build.0 = Release|Win32
		{87B0A18A-1CD6-4A06-98C1-819DB34C45E1}.Release|x64.ActiveCfg = Release|x64
		{87B0A18A-1CD6-4A06-98C1-819DB34C45E1}.Release|x64.Build.0 = Release|x64
		{712DB1D2-3EB3-40AA-ABBE-F786AFE7D03B}.Debug|Win32.ActiveCfg = Debug|Win32
		{712DB1D2-3EB3-40AA-ABBE-F786AFE7D03B}.Debug|Win32.Build.0 = Debug|Win32
		{712DB1D2-3EB3-40AA-ABBE-F786AFE7D03B}.Debug|x64.ActiveCfg = Debug|x64
		{712DB1D2-3EB3-40AA-ABBE-F786AFE7D03B}.Debug|x64.Build.0 = Debug|x64
		{712DB1D2-3EB3-40AA-ABBE-F786AFE7D03B}.Release|Win32.ActiveCfg = Release|Win32
		{712DB1D2-3EB3-40AA-ABBE-F786AFE7D03B}.Release|Win32.Build.0 = Release|Win32
		{712DB1D2-3EB3-40AA-ABBE-F786AFE7D03B}.Release|x64.ActiveCfg = Release|x64
		{712DB1D2-3EB3-40AA-ABBE-F786AFE7D03B}.Release|x64.Build.0 = Release|x64
		{CAE2EB4A-5B70-4518-B29C-323EE8245349}.Debug|Win32.ActiveCfg = Debug|Win32
		{CAE2EB4A-5B70-4518-B29C-323EE8245349}.Debug|Win32.Build.0 = Debug|Win32
		{CAE2EB4A-5B70-4518-B29C-323EE8245349}.Debug|x64.ActiveCfg = Debug|x64
		{CAE2EB4A-5B70-4518-B29C-323EE8245349}.Debug|x64.Build.0 = Debug|x64
		{CAE2EB4A-5B70-4518-B29C-323EE8245349}.Release|Win32.ActiveCfg = Release|Win32
		{CAE2EB4A-5B70-4518-B29C-323EE8245349}.Release|Win32.Build.0 = Release|Win32
		{CAE2EB4A-5B70-4518-B29C-323EE8245349}.Release|x64.ActiveCfg = Release|x64
		{CAE2EB4A-5B70-4518-B29C-323EE8245349}.Release|x64.Build.0 = Release|x64
		{629B1DC9-7923-4DE3-A892-53B65E90DB69}.Debug|Win32.ActiveCfg = Debug|Win32
		{629B1DC9-7923-4DE3-A892-53B65E90DB69}.Debug|Win32.Build.0 = Debug|Win32
		{629B1DC9-7923-4DE3-A892-53B65E90DB69}.Debug|x64.ActiveCfg = Debug|x64
		{629B1DC9-7923-4DE3-A892-53B65E90DB69}.Debug|x64.Build.0 = Debug|x64
		{629B1DC9-7923-4DE3-A892-53B65E90DB69}.Release|Win32.ActiveCfg = Release|Win32
		{629B1DC9-7923-4DE3-A892-53B65E90DB69}.Release|Win32.Build.0 = Release|Win32
		{629B1DC9-7923-4DE3-A892-53B65E90DB69}.Release|x64.ActiveCfg = Release|x64
		{629B1DC9-7923-4DE3-A892-53B65E90DB69}.Release|x64.Build.0 = Release|x64
		{835B8C4E-D8A8-45CE-82F4-739CD390C4D6}.Debug|Win32.ActiveCfg = Debug|Win32
		{835B8C4E-D8A8-45CE-82F4-739CD390C4D6}.Debug|Win32.Build.0 = Debug|Win32
		{835B8C4E-D8A8-45CE-82F4-739CD390C4D6}.Debug|x64.ActiveCfg = Debug|x64
		{835B8C4E-D8A8-45CE-82F4-739CD390C4D6}.Debug|x64.Build.0 = Debug|x64
		{835B8C4E-D8A8-45CE-82F4-739CD390C4D6}.Release|Win32.ActiveCfg = Release|Win32
		{835B8C4E-D8A8-45CE-82F4-739CD390C4D6}.Release|Win32.Build.0 = Release|Win32
		{835B8C4E-D8A8-45CE-82F4-739CD390C4D6}.Release|x64.ActiveCfg = Release|x64
		{835B8C4E-D8A8-45CE-82F4-739CD390C4D6}.Release|x64.Build.0 = Release|x64
		{F071BAE3-278A-4067-818D-E9A8FE0CCF0A}.Debug|Win32.ActiveCfg = Debug|Win32
		{F071BAE3-278A-4067-818D-E9A8FE0CCF0A}.Debug|Win32.Build.0 = Debug|Win32
		{F071BAE3-278A-4067-818D-E9A8FE0CCF0A}.Debug|x64.ActiveCfg = Debug|x64
		{F071BAE3-278A-4067-818D-E9A8FE0CCF0A}.Release|Win32.ActiveCfg = Release|Win32
		{F071BAE3-278A-4067-818D-E9A8FE0CCF0A}.Release|Win32.Build.0 = Release|Win32
		{F071BAE3-278A-4067-818D-E9A8FE0CCF0A}.Release|x64.ActiveCfg = Release|x64
		{F071BAE3-278A-4067-818D-E9A8FE0CCF0A}.Release|x64.Build.0 = Release|x64
		{46506EED-1DF6-4812-9113-C656FD460061}.Debug|Win32.ActiveCfg = Debug|Win32
		{46506EED-1DF6-4812-9113-C656FD460061}.Debug|Win32.Build.0 = Debug|Win32
		{46506EED-1DF6-4812-9113-C656FD460061}.Debug|x64.ActiveCfg = Debug|x64
		{46506EED-1DF6-4812-9113-C656FD460061}.Release|Win32.ActiveCfg = Release|Win32
		{46506EED-1DF6-4812-9113-C656FD460061}.Release|Win32.Build.0 = Release|Win32
		{46506EED-1DF6-4812-9113-C656FD460061}.Release|x64.ActiveCfg = Release|x64
		{46506EED-1DF6-4812-9113-C656FD460061}.Release|x64.Build.0 = Release|x64
		{500FDD3F-C4E3-483C-86C0-FDB37FE44A3F}.Debug|Win32.ActiveCfg = Debug|Win32
		{500FDD3F-C4E3-483C-86C0-FDB37FE44A3F}.Debug|Win32.Build.0 = Debug|Win32
		{500FDD3F-C4E3-483C-86C0-FDB37FE44A3F}.Debug|x64.ActiveCfg = Debug|x64
		{500FDD3F-C4E3-483C-86C0-FDB37FE44A3F}.Release|Win32.ActiveCfg = Release|Win32
		{500FDD3F-C4E3-483C-86C0-FDB37FE44A3F}.Release|Win32.Build.0 = Release|Win32
		{500FDD3F-C4E3-483C-86C0-FDB37FE44A3F}.Release|x64.ActiveCfg = Release|x64
		{500FDD3F-C4E3-483C-86C0-FDB37FE44A3F}.Release|x64.Build.0 = Release|x64
		{AD77407B-1D0D-4974-BFA8-8B2166AA9E37}.Debug|Win32.ActiveCfg = Debug|Win32
		{AD77407B-1D0D-4974-BFA8-8B2166AA9E37}.Debug|Win32.Build.0 = Debug|Win32
		{AD77407B-1D0D-4974-BFA8-8B2166AA9E37}.Debug|x64.ActiveCfg = Debug|x64
		{AD77407B-1D0D-4974-BFA8-8B2166AA9E37}.Release|Win32.ActiveCfg = Release|Win32
		{AD77407B-1D0D-4974-BFA8-8B2166AA9E37}.Release|Win32.Build.0 = Release|Win32
		{AD77407B-1D0D-4974-BFA8-8B2166AA9E37}.Release|x64.ActiveCfg = Release|x64
		{AD77407B-1D0D-4974-BFA8-8B2166AA9E37}.Release|x64.Build.0 = Release|x64
		{77F67B84-94F5-42E8-A898-1E5007FC47E4}.Debug|Win32.ActiveCfg = Debug|Win32
		{77F67B84-94F5-42E8-A898-1E5007FC47E4}.Debug|Win32.Build.0 = Debug|Win32
		{77F67B84-94F5-42E8-A898-1E5007FC47E4}.Debug|x64.ActiveCfg = Debug|x64
		{77F67B84-94F5-42E8-A898-1E5007FC47E4}.Debug|x64.Build.0 = Debug|x64
		{77F67B84-94F5-42E8-A898-1E5007FC47E4}.Release|Win32.ActiveCfg = Release|Win32
		{77F67B84-94F5-42E8-A898-1E5007FC47E4}.Release|Win32.Build.0 = Release|Win32
		{77F67B84-94F5-42E8-A898-1E5007FC47E4}.Release|x64.ActiveCfg = Release|x64
		{77F67B84-94F5-42E8-A898-1E5007FC47E4}.Release|x64.Build.0 = Release|x64
		{A0A72B4C-2A2A-48DE-A369-F44CE1124B98}.Debug|Win32.ActiveCfg = Debug|Win32
		{A0A72B4C-2A2A-48DE-A369-F44CE1124B98}.Debug|Win32.Build.0 = Debug|Win32
		{A0A72B4C-2A2A-48DE-A369-F44CE1124B98}.Debug|x64.ActiveCfg = Debug|x64
		{A0A72B4C-2A2A-48DE-A369-F44CE1124B98}.Release|Win32.ActiveCfg = Release|Win32
		{A0A72B4C-2A2A-48DE-A369-F44CE1124B98}.Release|Win32.Build.0 = Release|Win32
		{A0A72B4C-2A2A-48DE-A369-F44CE1124B98}.Release|x64.ActiveCfg = Release|x64
		{A0A72B4C-2A2A-48DE-A369-F44CE1124B98}.Release|x64.Build.0 = Release|x64
		{F63D9A36-1EA2-4B6D-BA53-2380C747F789}.Debug|Win32.ActiveCfg = Debug|Win32
		{F63D9A36-1EA2-4B6D-BA53-2380C747F789}.Debug|Win32.Build.0 = Debug|Win32
		{F63D9A36-1EA2-4B6D-BA53-2380C747F789}.Debug|x64.ActiveCfg = Debug|x64
		{F63D9A36-1EA2-4B6D-BA53-2380C747F789}.Debug|x64.Build.0 = Debug|x64
		{F63D9A36-1EA2-4B6D-BA53-2380C747F789}.Release|Win32.ActiveCfg = Release|Win32
		{F63D9A36-1EA2-4B6D-BA53-2380C747F789}.Release|Win32.Build.0 = Release|Win32
		{F63D9A36-1EA2-4B6D-BA53-2380C747F789}.Release|x64.ActiveCfg = Release|x64
		{F63D9A36-1EA2-4B6D-BA53-2380C747F789}.Release|x64.Build.0 = Release|x64
		{47998C41-B2D4-4A57-803A-FD8E81D439B4}.Debug|Win32.ActiveCfg = Debug|Win32
		{47998C41-B2D4-4A57-803A-FD8E81D439B4}.Debug|Win32.Build.0 = Debug|Win32
		{47998C41-B2D4-4A57-803A-FD8E81D439B4}.Debug|x64.ActiveCfg = Debug|x64
		{47998C41-B2D4-4A57-803A-FD8E81D439B4}.Debug|x64.Build.0 = Debug|x64
		{47998C41-B2D4-4A57-803A-FD8E81D439B4}.Release|Win32.ActiveCfg = Release|Win32
		{47998C41-B2D4-4A57-803A-FD8E81D439B4}.Release|Win32.Build.0 = Release|Win32
		{47998C41-B2D4-4A57-803A-FD8E81D439B4}.Release|x64.ActiveCfg = Release|x64
		{47998C41-B2D4-4A57-803A-FD8E81D439B4}.Release|x64.Build.0 = Release|x64
		{11DDA0D4-F26E-4EC7-ADA4-AFDF4B22A992}.Debug|Win32.ActiveCfg = Debug|Win32
		{11DDA0D4-F26E-4EC7-ADA4-AFDF4B22A992}.Debug|Win32.Build.0 = Debug|Win32
		{11DDA0D4-F26E-4EC7-ADA4-AFDF4B22A992}.Debug|x64.ActiveCfg = Debug|x64
		{11DDA0D4-F26E-4EC7-ADA4-AFDF4B22A992}.Release|Win32.ActiveCfg = Release|Win32
		{11DDA0D4-F26E-4EC7-ADA4-AFDF4B22A992}.Release|Win32.Build.0 = Release|Win32
		{11DDA0D4-F26E-4EC7-ADA4-AFDF4B22A992}.Release|x64.ActiveCfg = Release|Win32
	EndGlobalSection
	GlobalSection(SolutionProperties) = preSolution
		HideSolutionNode = FALSE
	EndGlobalSection
	GlobalSection(NestedProjects) = preSolution
		{46506EED-1DF6-4812-9113-C656FD460061} = {6D1D066E-73B7-477F-8506-AAC04E545393}
		{500FDD3F-C4E3-483C-86C0-FDB37FE44A3F} = {6D1D066E-73B7-477F-8506-AAC04E545393}
		{AD77407B-1D0D-4974-BFA8-8B2166AA9E37} = {6D1D066E-73B7-477F-8506-AAC04E545393}
		{A0A72B4C-2A2A-48DE-A369-F44CE1124B98} = {6D1D066E-73B7-477F-8506-AAC04E545393}
		{F071BAE3-278A-4067-818D-E9A8FE0CCF0A} = {6D1D066E-73B7-477F-8506-AAC04E545393}
		{11DDA0D4-F26E-4EC7-ADA4-AFDF4B22A992} = {67BFFD06-EE56-4812-A26D-13FB7DDAE9CF}
		{F63D9A36-1EA2-4B6D-BA53-2380C747F789} = {67BFFD06-EE56-4812-A26D-13FB7DDAE9CF}
	EndGlobalSection
EndGlobal
