<?xml version="1.0" encoding="utf-8"?>
<Project ToolsVersion="4.0" xmlns="http://schemas.microsoft.com/developer/msbuild/2003">
  <ItemGroup>
    <Filter Include="源文件">
      <UniqueIdentifier>{4FC737F1-C7A5-4376-A066-2A32D752A2FF}</UniqueIdentifier>
      <Extensions>cpp;c;cc;cxx;def;odl;idl;hpj;bat;asm;asmx</Extensions>
    </Filter>
    <Filter Include="头文件">
      <UniqueIdentifier>{93995380-89BD-4b04-88EB-625FBE52EBFB}</UniqueIdentifier>
      <Extensions>h;hpp;hxx;hm;inl;inc;xsd</Extensions>
    </Filter>
    <Filter Include="资源文件">
      <UniqueIdentifier>{67DA6AB6-F800-4c08-8B7A-83BB121AAD01}</UniqueIdentifier>
      <Extensions>rc;ico;cur;bmp;dlg;rc2;rct;bin;rgs;gif;jpg;jpeg;jpe;resx;tiff;tif;png;wav;mfcribbon-ms</Extensions>
    </Filter>
  </ItemGroup>
  <ItemGroup>
    <ClInclude Include="..\Include\MedImgGLResource\mi_gl_buffer.h">
      <Filter>头文件</Filter>
    </ClInclude>
    <ClInclude Include="..\Include\MedImgGLResource\mi_gl_environment.h">
      <Filter>头文件</Filter>
    </ClInclude>
    <ClInclude Include="..\Include\MedImgGLResource\mi_gl_fbo.h">
      <Filter>头文件</Filter>
    </ClInclude>
    <ClInclude Include="..\Include\MedImgGLResource\mi_gl_object.h">
      <Filter>头文件</Filter>
    </ClInclude>
    <ClInclude Include="..\Include\MedImgGLResource\mi_gl_program.h">
      <Filter>头文件</Filter>
    </ClInclude>
    <ClInclude Include="..\Include\MedImgGLResource\mi_gl_resource_define.h">
      <Filter>头文件</Filter>
    </ClInclude>
    <ClInclude Include="..\Include\MedImgGLResource\mi_gl_resource_manager.h">
      <Filter>头文件</Filter>
    </ClInclude>
    <ClInclude Include="..\Include\MedImgGLResource\mi_gl_resource_manager_container.h">
      <Filter>头文件</Filter>
    </ClInclude>
    <ClInclude Include="..\Include\MedImgGLResource\mi_gl_texture_1d.h">
      <Filter>头文件</Filter>
    </ClInclude>
    <ClInclude Include="..\Include\MedImgGLResource\mi_gl_texture_1d_array.h">
      <Filter>头文件</Filter>
    </ClInclude>
    <ClInclude Include="..\Include\MedImgGLResource\mi_gl_texture_2d.h">
      <Filter>头文件</Filter>
    </ClInclude>
    <ClInclude Include="..\Include\MedImgGLResource\mi_gl_texture_3d.h">
      <Filter>头文件</Filter>
    </ClInclude>
    <ClInclude Include="..\Include\MedImgGLResource\mi_gl_texture_base.h">
      <Filter>头文件</Filter>
    </ClInclude>
    <ClInclude Include="..\Include\MedImgGLResource\mi_gl_utils.h">
      <Filter>头文件</Filter>
    </ClInclude>
    <ClInclude Include="..\Include\MedImgGLResource\mi_gl_vao.h">
      <Filter>头文件</Filter>
    </ClInclude>
    <ClInclude Include="..\Include\MedImgGLResource\mi_gl_resource_export.h">
      <Filter>头文件</Filter>
    </ClInclude>
    <ClInclude Include="..\Include\MedImgGLResource\mi_gl_context.h">
      <Filter>头文件</Filter>
    </ClInclude>
    <ClInclude Include="..\Include\MedImgGLResource\mi_gl_time_query.h">
      <Filter>头文件</Filter>
    </ClInclude>
    <ClInclude Include="..\Include\MedImgGLResource\mi_gl_texture_cache.h">
      <Filter>头文件</Filter>
    </ClInclude>
    <ClInclude Include="..\Include\MedImgGLResource\mi_gl_buffer_cache.h">
      <Filter>头文件</Filter>
    </ClInclude>
  </ItemGroup>
  <ItemGroup>
    <None Include="..\Include\MedImgGLResource\mi_gl_resource_manager.inl">
      <Filter>头文件</Filter>
    </None>
  </ItemGroup>
  <ItemGroup>
    <ClCompile Include="..\MedImgGLResource\mi_gl_buffer.cpp">
      <Filter>源文件</Filter>
    </ClCompile>
    <ClCompile Include="..\MedImgGLResource\mi_gl_environment.cpp">
      <Filter>源文件</Filter>
    </ClCompile>
    <ClCompile Include="..\MedImgGLResource\mi_gl_fbo.cpp">
      <Filter>源文件</Filter>
    </ClCompile>
    <ClCompile Include="..\MedImgGLResource\mi_gl_program.cpp">
      <Filter>源文件</Filter>
    </ClCompile>
    <ClCompile Include="..\MedImgGLResource\mi_gl_resource_manager.cpp">
      <Filter>源文件</Filter>
    </ClCompile>
    <ClCompile Include="..\MedImgGLResource\mi_gl_resource_manager_container.cpp">
      <Filter>源文件</Filter>
    </ClCompile>
    <ClCompile Include="..\MedImgGLResource\mi_gl_texture_1d.cpp">
      <Filter>源文件</Filter>
    </ClCompile>
    <ClCompile Include="..\MedImgGLResource\mi_gl_texture_1d_array.cpp">
      <Filter>源文件</Filter>
    </ClCompile>
    <ClCompile Include="..\MedImgGLResource\mi_gl_texture_2d.cpp">
      <Filter>源文件</Filter>
    </ClCompile>
    <ClCompile Include="..\MedImgGLResource\mi_gl_texture_3d.cpp">
      <Filter>源文件</Filter>
    </ClCompile>
    <ClCompile Include="..\MedImgGLResource\mi_gl_texture_base.cpp">
      <Filter>源文件</Filter>
    </ClCompile>
    <ClCompile Include="..\MedImgGLResource\mi_gl_utils.cpp">
      <Filter>源文件</Filter>
    </ClCompile>
    <ClCompile Include="..\MedImgGLResource\mi_gl_vao.cpp">
      <Filter>源文件</Filter>
    </ClCompile>
    <ClCompile Include="..\MedImgGLResource\mi_gl_context.cpp">
      <Filter>源文件</Filter>
    </ClCompile>
    <ClCompile Include="..\MedImgGLResource\mi_gl_time_query.cpp">
      <Filter>源文件</Filter>
    </ClCompile>
    <ClCompile Include="..\MedImgGLResource\mi_gl_texture_cache.cpp">
      <Filter>源文件</Filter>
    </ClCompile>
  </ItemGroup>
</Project>