<?xml version="1.0" encoding="utf-8"?>
<Project ToolsVersion="4.0" xmlns="http://schemas.microsoft.com/developer/msbuild/2003">
  <ItemGroup>
    <Filter Include="Include">
      <UniqueIdentifier>{93995380-89BD-4b04-88EB-625FBE52EBFB}</UniqueIdentifier>
      <Extensions>h;hpp;hxx;hm;inl;inc;xsd</Extensions>
    </Filter>
    <Filter Include="Source">
      <UniqueIdentifier>{4FC737F1-C7A5-4376-A066-2A32D752A2FF}</UniqueIdentifier>
      <Extensions>cpp;c;cc;cxx;def;odl;idl;hpj;bat;asm;asmx</Extensions>
    </Filter>
  </ItemGroup>
  <ItemGroup>
    <ClInclude Include="..\Include\MedImgUtil\mi_configuration.h">
      <Filter>Include</Filter>
    </ClInclude>
    <ClInclude Include="..\Include\MedImgUtil\mi_model_interface.h">
      <Filter>Include</Filter>
    </ClInclude>
    <ClInclude Include="..\Include\MedImgUtil\mi_observer_interface.h">
      <Filter>Include</Filter>
    </ClInclude>
    <ClInclude Include="..\Include\MedImgUtil\mi_string_number_converter.h">
      <Filter>Include</Filter>
    </ClInclude>
    <ClInclude Include="..\Include\MedImgUtil\mi_util_export.h">
      <Filter>Include</Filter>
    </ClInclude>
    <ClInclude Include="..\Include\MedImgUtil\mi_exception.h">
      <Filter>Include</Filter>
    </ClInclude>
    <ClInclude Include="..\Include\MedImgUtil\mi_message_queue.h">
      <Filter>Include</Filter>
    </ClInclude>
    <ClInclude Include="..\Include\MedImgUtil\mi_socket_server.h">
      <Filter>Include</Filter>
    </ClInclude>
    <ClInclude Include="..\Include\MedImgUtil\mi_socket_client.h">
      <Filter>Include</Filter>
    </ClInclude>
  </ItemGroup>
  <ItemGroup>
    <ClCompile Include="..\MedImgUtil\mi_configuration.cpp">
      <Filter>Source</Filter>
    </ClCompile>
    <ClCompile Include="..\MedImgUtil\mi_model_interface.cpp">
      <Filter>Source</Filter>
    </ClCompile>
    <ClCompile Include="..\MedImgUtil\mi_exception.cpp">
      <Filter>Source</Filter>
    </ClCompile>
    <ClCompile Include="..\MedImgUtil\mi_socket_client.cpp">
      <Filter>Source</Filter>
    </ClCompile>
    <ClCompile Include="..\MedImgUtil\mi_socket_server.cpp">
      <Filter>Source</Filter>
    </ClCompile>
  </ItemGroup>
  <ItemGroup>
    <None Include="..\Include\MedImgUtil\mi_message_queue.inl">
      <Filter>Include</Filter>
    </None>
  </ItemGroup>
</Project>