<?xml version="1.0" encoding="utf-8"?>
<Project ToolsVersion="4.0" xmlns="http://schemas.microsoft.com/developer/msbuild/2003">
  <ItemGroup>
    <Filter Include="Source Files">
      <UniqueIdentifier>{4FC737F1-C7A5-4376-A066-2A32D752A2FF}</UniqueIdentifier>
      <Extensions>cpp;cxx;c;def</Extensions>
    </Filter>
    <Filter Include="Header Files">
      <UniqueIdentifier>{93995380-89BD-4b04-88EB-625FBE52EBFB}</UniqueIdentifier>
      <Extensions>h</Extensions>
    </Filter>
    <Filter Include="Form Files">
      <UniqueIdentifier>{99349809-55BA-4b9d-BF79-8FDBB0286EB3}</UniqueIdentifier>
      <Extensions>ui</Extensions>
    </Filter>
    <Filter Include="Resource Files">
      <UniqueIdentifier>{D9D6E242-F8AF-46E4-B9FD-80ECBC20BA3E}</UniqueIdentifier>
      <Extensions>qrc;*</Extensions>
      <ParseFiles>false</ParseFiles>
    </Filter>
    <Filter Include="Generated Files">
      <UniqueIdentifier>{71ED8ED8-ACB9-4CE9-BBE1-E00B30144E11}</UniqueIdentifier>
      <Extensions>moc;h;cpp</Extensions>
      <SourceControlFiles>False</SourceControlFiles>
    </Filter>
    <Filter Include="Generated Files\Debug">
      <UniqueIdentifier>{a7cb8f85-4ac7-4812-8549-7e500fe5758c}</UniqueIdentifier>
      <Extensions>cpp;moc</Extensions>
      <SourceControlFiles>False</SourceControlFiles>
    </Filter>
    <Filter Include="Generated Files\Release">
      <UniqueIdentifier>{7bab8e11-e284-4c9e-b445-527b93d72e2b}</UniqueIdentifier>
      <Extensions>cpp;moc</Extensions>
      <SourceControlFiles>False</SourceControlFiles>
    </Filter>
  </ItemGroup>
  <ItemGroup>
    <ClInclude Include="..\include\qtpackage\mi_graphic_item_base.h">
      <Filter>Header Files</Filter>
    </ClInclude>
    <ClInclude Include="..\include\qtpackage\mi_graphic_item_corners_info.h">
      <Filter>Header Files</Filter>
    </ClInclude>
    <ClInclude Include="..\include\qtpackage\mi_graphic_item_cross_hair.h">
      <Filter>Header Files</Filter>
    </ClInclude>
    <ClInclude Include="..\include\qtpackage\mi_graphic_item_mpr_border.h">
      <Filter>Header Files</Filter>
    </ClInclude>
    <ClInclude Include="..\include\qtpackage\mi_model_cross_hair.h">
      <Filter>Header Files</Filter>
    </ClInclude>
    <ClInclude Include="..\include\qtpackage\mi_model_focus.h">
      <Filter>Header Files</Filter>
    </ClInclude>
    <ClInclude Include="..\include\qtpackage\mi_model_voi.h">
      <Filter>Header Files</Filter>
    </ClInclude>
    <ClInclude Include="..\include\qtpackage\mi_mouse_op_annotate.h">
      <Filter>Header Files</Filter>
    </ClInclude>
    <ClInclude Include="..\include\qtpackage\mi_mouse_op_annotate_fine_tuning.h">
      <Filter>Header Files</Filter>
    </ClInclude>
    <ClInclude Include="..\include\qtpackage\mi_mouse_op_interface.h">
      <Filter>Header Files</Filter>
    </ClInclude>
    <ClInclude Include="..\include\qtpackage\mi_mouse_op_locate.h">
      <Filter>Header Files</Filter>
    </ClInclude>
    <ClInclude Include="..\include\qtpackage\mi_mouse_op_mpr_page.h">
      <Filter>Header Files</Filter>
    </ClInclude>
    <ClInclude Include="..\include\qtpackage\mi_mouse_op_pan.h">
      <Filter>Header Files</Filter>
    </ClInclude>
    <ClInclude Include="..\include\qtpackage\mi_mouse_op_probe.h">
      <Filter>Header Files</Filter>
    </ClInclude>
    <ClInclude Include="..\include\qtpackage\mi_mouse_op_rotate.h">
      <Filter>Header Files</Filter>
    </ClInclude>
    <ClInclude Include="..\include\qtpackage\mi_mouse_op_test.h">
      <Filter>Header Files</Filter>
    </ClInclude>
    <ClInclude Include="..\include\qtpackage\mi_mouse_op_windowing.h">
      <Filter>Header Files</Filter>
    </ClInclude>
    <ClInclude Include="..\include\qtpackage\mi_mouse_op_zoom.h">
      <Filter>Header Files</Filter>
    </ClInclude>
    <ClInclude Include="..\include\qtpackage\mi_observer_progress.h">
      <Filter>Header Files</Filter>
    </ClInclude>
    <ClInclude Include="..\include\qtpackage\mi_observer_scene_container.h">
      <Filter>Header Files</Filter>
    </ClInclude>
    <ClInclude Include="..\include\qtpackage\mi_observer_voi_segment.h">
      <Filter>Header Files</Filter>
    </ClInclude>
    <ClInclude Include="..\include\qtpackage\mi_observer_voi_statistic.h">
      <Filter>Header Files</Filter>
    </ClInclude>
    <ClInclude Include="..\include\qtpackage\mi_qt_package_export.h">
      <Filter>Header Files</Filter>
    </ClInclude>
  </ItemGroup>
  <ItemGroup>
    <CustomBuild Include="..\include\qtpackage\mi_graphic_item_voi.h">
      <Filter>Header Files</Filter>
    </CustomBuild>
    <CustomBuild Include="..\include\qtpackage\mi_scene_container.h">
      <Filter>Header Files</Filter>
    </CustomBuild>
    <CustomBuild Include="..\include\qtpackage\mi_shared_widget.h">
      <Filter>Header Files</Filter>
    </CustomBuild>
  </ItemGroup>
  <ItemGroup>
    <ClCompile Include="GeneratedFiles\Debug\moc_mi_graphic_item_voi.cpp">
      <Filter>Generated Files\Debug</Filter>
    </ClCompile>
    <ClCompile Include="GeneratedFiles\Release\moc_mi_graphic_item_voi.cpp">
      <Filter>Generated Files\Release</Filter>
    </ClCompile>
    <ClCompile Include="GeneratedFiles\Debug\moc_mi_scene_container.cpp">
      <Filter>Generated Files\Debug</Filter>
    </ClCompile>
    <ClCompile Include="GeneratedFiles\Release\moc_mi_scene_container.cpp">
      <Filter>Generated Files\Release</Filter>
    </ClCompile>
    <ClCompile Include="GeneratedFiles\Debug\moc_mi_shared_widget.cpp">
      <Filter>Generated Files\Debug</Filter>
    </ClCompile>
    <ClCompile Include="GeneratedFiles\Release\moc_mi_shared_widget.cpp">
      <Filter>Generated Files\Release</Filter>
    </ClCompile>
    <ClCompile Include="..\qtpackage\mi_graphic_item_corners_info.cpp">
      <Filter>Source Files</Filter>
    </ClCompile>
    <ClCompile Include="..\qtpackage\mi_graphic_item_cross_hair.cpp">
      <Filter>Source Files</Filter>
    </ClCompile>
    <ClCompile Include="..\qtpackage\mi_graphic_item_mpr_border.cpp">
      <Filter>Source Files</Filter>
    </ClCompile>
    <ClCompile Include="..\qtpackage\mi_graphic_item_voi.cpp">
      <Filter>Source Files</Filter>
    </ClCompile>
    <ClCompile Include="..\qtpackage\mi_model_cross_hair.cpp">
      <Filter>Source Files</Filter>
    </ClCompile>
    <ClCompile Include="..\qtpackage\mi_model_focus.cpp">
      <Filter>Source Files</Filter>
    </ClCompile>
    <ClCompile Include="..\qtpackage\mi_model_voi.cpp">
      <Filter>Source Files</Filter>
    </ClCompile>
    <ClCompile Include="..\qtpackage\mi_mouse_op_annotate.cpp">
      <Filter>Source Files</Filter>
    </ClCompile>
    <ClCompile Include="..\qtpackage\mi_mouse_op_annotate_fine_tuning.cpp">
      <Filter>Source Files</Filter>
    </ClCompile>
    <ClCompile Include="..\qtpackage\mi_mouse_op_locate.cpp">
      <Filter>Source Files</Filter>
    </ClCompile>
    <ClCompile Include="..\qtpackage\mi_mouse_op_mpr_page.cpp">
      <Filter>Source Files</Filter>
    </ClCompile>
    <ClCompile Include="..\qtpackage\mi_mouse_op_pan.cpp">
      <Filter>Source Files</Filter>
    </ClCompile>
    <ClCompile Include="..\qtpackage\mi_mouse_op_probe.cpp">
      <Filter>Source Files</Filter>
    </ClCompile>
    <ClCompile Include="..\qtpackage\mi_mouse_op_rotate.cpp">
      <Filter>Source Files</Filter>
    </ClCompile>
    <ClCompile Include="..\qtpackage\mi_mouse_op_test.cpp">
      <Filter>Source Files</Filter>
    </ClCompile>
    <ClCompile Include="..\qtpackage\mi_mouse_op_windowing.cpp">
      <Filter>Source Files</Filter>
    </ClCompile>
    <ClCompile Include="..\qtpackage\mi_mouse_op_zoom.cpp">
      <Filter>Source Files</Filter>
    </ClCompile>
    <ClCompile Include="..\qtpackage\mi_observer_progress.cpp">
      <Filter>Source Files</Filter>
    </ClCompile>
    <ClCompile Include="..\qtpackage\mi_observer_scene_container.cpp">
      <Filter>Source Files</Filter>
    </ClCompile>
    <ClCompile Include="..\qtpackage\mi_observer_voi_segment.cpp">
      <Filter>Source Files</Filter>
    </ClCompile>
    <ClCompile Include="..\qtpackage\mi_observer_voi_statistic.cpp">
      <Filter>Source Files</Filter>
    </ClCompile>
    <ClCompile Include="..\qtpackage\mi_scene_container.cpp">
      <Filter>Source Files</Filter>
    </ClCompile>
    <ClCompile Include="..\qtpackage\mi_shared_widget.cpp">
      <Filter>Source Files</Filter>
    </ClCompile>
  </ItemGroup>
</Project>