<?xml version="1.0" encoding="utf-8"?>
<Project ToolsVersion="4.0" xmlns="http://schemas.microsoft.com/developer/msbuild/2003">
  <ItemGroup>
    <Filter Include="Source">
      <UniqueIdentifier>{87d064dd-aa10-43b2-90b0-170636a265c3}</UniqueIdentifier>
    </Filter>
  </ItemGroup>
  <ItemGroup>
    <ClCompile Include="..\ut\util_ut\mi_test_ipc_proxy.cpp">
      <Filter>Source</Filter>
    </ClCompile>
    <ClCompile Include="..\ut\util_ut\mi_test_message_queue.cpp">
      <Filter>Source</Filter>
    </ClCompile>
    <ClCompile Include="..\ut\util_ut\mi_util_ut.cpp">
      <Filter>Source</Filter>
    </ClCompile>
    <ClCompile Include="..\ut\util_ut\mi_test_logger.cpp">
      <Filter>Source</Filter>
    </ClCompile>
  </ItemGroup>
</Project>