<?xml version="1.0" encoding="utf-8"?>
<Project ToolsVersion="4.0" xmlns="http://schemas.microsoft.com/developer/msbuild/2003">
  <ItemGroup>
    <Filter Include="include">
      <UniqueIdentifier>{acbd1ecf-0b72-4931-ad71-12fa9739a712}</UniqueIdentifier>
    </Filter>
    <Filter Include="source">
      <UniqueIdentifier>{0f8cf207-fedb-4671-bb97-ffb2a4e39573}</UniqueIdentifier>
    </Filter>
    <Filter Include="kernel">
      <UniqueIdentifier>{29909d65-d097-4930-83ef-c50fcbce99ad}</UniqueIdentifier>
    </Filter>
  </ItemGroup>
  <ItemGroup>
    <ClCompile Include="..\cudaresource\mi_cuda_texture_base.cpp">
      <Filter>source</Filter>
    </ClCompile>
    <ClCompile Include="..\cudaresource\mi_cuda_texture_2d.cpp">
      <Filter>source</Filter>
    </ClCompile>
    <ClCompile Include="..\cudaresource\mi_cuda_texture_3d.cpp">
      <Filter>source</Filter>
    </ClCompile>
    <ClCompile Include="..\cudaresource\mi_cuda_texture_1d.cpp">
      <Filter>source</Filter>
    </ClCompile>
    <ClCompile Include="..\cudaresource\mi_cuda_utils.cpp">
      <Filter>source</Filter>
    </ClCompile>
    <ClCompile Include="..\cudaresource\mi_cuda_gl_texture_2d.cpp">
      <Filter>source</Filter>
    </ClCompile>
    <ClCompile Include="..\cudaresource\mi_cuda_resource_manager.cpp">
      <Filter>source</Filter>
    </ClCompile>
    <ClCompile Include="..\cudaresource\mi_cuda_object.cpp">
      <Filter>source</Filter>
    </ClCompile>
    <ClCompile Include="..\cudaresource\mi_cuda_texture_1d_array.cpp">
      <Filter>source</Filter>
    </ClCompile>
    <ClCompile Include="..\cudaresource\mi_cuda_global_memory.cpp">
      <Filter>source</Filter>
    </ClCompile>
    <ClCompile Include="..\cudaresource\mi_cuda_surface_base.cpp">
      <Filter>source</Filter>
    </ClCompile>
    <ClCompile Include="..\cudaresource\mi_cuda_surface_2d.cpp">
      <Filter>source</Filter>
    </ClCompile>
  </ItemGroup>
  <ItemGroup>
    <ClInclude Include="..\include\cudaresource\mi_cuda_resource_export.h">
      <Filter>include</Filter>
    </ClInclude>
    <ClInclude Include="..\include\cudaresource\mi_cuda_resource_logger.h">
      <Filter>include</Filter>
    </ClInclude>
    <ClInclude Include="..\include\cudaresource\mi_cuda_texture_base.h">
      <Filter>include</Filter>
    </ClInclude>
    <ClInclude Include="..\include\cudaresource\mi_cuda_texture_2d.h">
      <Filter>include</Filter>
    </ClInclude>
    <ClInclude Include="..\include\cudaresource\mi_cuda_texture_3d.h">
      <Filter>include</Filter>
    </ClInclude>
    <ClInclude Include="..\include\cudaresource\mi_cuda_texture_1d.h">
      <Filter>include</Filter>
    </ClInclude>
    <ClInclude Include="..\include\cudaresource\mi_cuda_object.h">
      <Filter>include</Filter>
    </ClInclude>
    <ClInclude Include="..\include\cudaresource\mi_cuda_utils.h">
      <Filter>include</Filter>
    </ClInclude>
    <ClInclude Include="..\include\cudaresource\mi_cuda_gl_texture_2d.h">
      <Filter>include</Filter>
    </ClInclude>
    <ClInclude Include="..\include\cudaresource\mi_cuda_resource_manager.h">
      <Filter>include</Filter>
    </ClInclude>
    <ClInclude Include="..\include\cudaresource\mi_cuda_resource_define.h">
      <Filter>include</Filter>
    </ClInclude>
    <ClInclude Include="..\include\cudaresource\mi_cuda_texture_1d_array.h">
      <Filter>include</Filter>
    </ClInclude>
    <ClInclude Include="..\include\cudaresource\mi_cuda_global_memory.h">
      <Filter>include</Filter>
    </ClInclude>
    <ClInclude Include="..\include\cudaresource\mi_cuda_surface_2d.h">
      <Filter>include</Filter>
    </ClInclude>
    <ClInclude Include="..\include\cudaresource\mi_cuda_surface_base.h">
      <Filter>include</Filter>
    </ClInclude>
  </ItemGroup>
</Project>