<?xml version="1.0" encoding="utf-8"?>
<Project ToolsVersion="4.0" xmlns="http://schemas.microsoft.com/developer/msbuild/2003">
  <ItemGroup>
    <Filter Include="Include">
      <UniqueIdentifier>{93f1e980-4926-459a-b61f-b7fd3b7974b9}</UniqueIdentifier>
    </Filter>
    <Filter Include="Source">
      <UniqueIdentifier>{e37c565e-a6a3-4e49-9809-c34c0888f509}</UniqueIdentifier>
    </Filter>
  </ItemGroup>
  <ItemGroup>
    <ClCompile Include="..\arithmetic\mi_volume_statistician.cpp">
      <Filter>Source</Filter>
    </ClCompile>
    <ClCompile Include="..\arithmetic\mi_aabb.cpp">
      <Filter>Source</Filter>
    </ClCompile>
    <ClCompile Include="..\arithmetic\mi_arithmetic_utils.cpp">
      <Filter>Source</Filter>
    </ClCompile>
    <ClCompile Include="..\arithmetic\mi_camera_base.cpp">
      <Filter>Source</Filter>
    </ClCompile>
    <ClCompile Include="..\arithmetic\mi_connected_domain_analysis.cpp">
      <Filter>Source</Filter>
    </ClCompile>
    <ClCompile Include="..\arithmetic\mi_ellipsoid.cpp">
      <Filter>Source</Filter>
    </ClCompile>
    <ClCompile Include="..\arithmetic\mi_intersection_test.cpp">
      <Filter>Source</Filter>
    </ClCompile>
    <ClCompile Include="..\arithmetic\mi_line.cpp">
      <Filter>Source</Filter>
    </ClCompile>
    <ClCompile Include="..\arithmetic\mi_line_segment.cpp">
      <Filter>Source</Filter>
    </ClCompile>
    <ClCompile Include="..\arithmetic\mi_matrix4.cpp">
      <Filter>Source</Filter>
    </ClCompile>
    <ClCompile Include="..\arithmetic\mi_matrix4f.cpp">
      <Filter>Source</Filter>
    </ClCompile>
    <ClCompile Include="..\arithmetic\mi_ortho_camera.cpp">
      <Filter>Source</Filter>
    </ClCompile>
    <ClCompile Include="..\arithmetic\mi_perspective_camera.cpp">
      <Filter>Source</Filter>
    </ClCompile>
    <ClCompile Include="..\arithmetic\mi_plane.cpp">
      <Filter>Source</Filter>
    </ClCompile>
    <ClCompile Include="..\arithmetic\mi_point2.cpp">
      <Filter>Source</Filter>
    </ClCompile>
    <ClCompile Include="..\arithmetic\mi_point3.cpp">
      <Filter>Source</Filter>
    </ClCompile>
    <ClCompile Include="..\arithmetic\mi_rsa_utils.cpp">
      <Filter>Source</Filter>
    </ClCompile>
    <ClCompile Include="..\arithmetic\mi_run_length_operator.cpp">
      <Filter>Source</Filter>
    </ClCompile>
    <ClCompile Include="..\arithmetic\mi_track_ball.cpp">
      <Filter>Source</Filter>
    </ClCompile>
    <ClCompile Include="..\arithmetic\mi_triangle.cpp">
      <Filter>Source</Filter>
    </ClCompile>
    <ClCompile Include="..\arithmetic\mi_vector2.cpp">
      <Filter>Source</Filter>
    </ClCompile>
    <ClCompile Include="..\arithmetic\mi_vector2f.cpp">
      <Filter>Source</Filter>
    </ClCompile>
    <ClCompile Include="..\arithmetic\mi_vector3.cpp">
      <Filter>Source</Filter>
    </ClCompile>
    <ClCompile Include="..\arithmetic\mi_vector3f.cpp">
      <Filter>Source</Filter>
    </ClCompile>
    <ClCompile Include="..\arithmetic\mi_vector4f.cpp">
      <Filter>Source</Filter>
    </ClCompile>
  </ItemGroup>
  <ItemGroup>
    <ClInclude Include="..\include\arithmetic\mi_aabb.h">
      <Filter>Include</Filter>
    </ClInclude>
    <ClInclude Include="..\include\arithmetic\mi_arithmetic_export.h">
      <Filter>Include</Filter>
    </ClInclude>
    <ClInclude Include="..\include\arithmetic\mi_arithmetic_utils.h">
      <Filter>Include</Filter>
    </ClInclude>
    <ClInclude Include="..\include\arithmetic\mi_camera_base.h">
      <Filter>Include</Filter>
    </ClInclude>
    <ClInclude Include="..\include\arithmetic\mi_color_unit.h">
      <Filter>Include</Filter>
    </ClInclude>
    <ClInclude Include="..\include\arithmetic\mi_connected_domain_analysis.h">
      <Filter>Include</Filter>
    </ClInclude>
    <ClInclude Include="..\include\arithmetic\mi_ellipsoid.h">
      <Filter>Include</Filter>
    </ClInclude>
    <ClInclude Include="..\include\arithmetic\mi_intersection_test.h">
      <Filter>Include</Filter>
    </ClInclude>
    <ClInclude Include="..\include\arithmetic\mi_line.h">
      <Filter>Include</Filter>
    </ClInclude>
    <ClInclude Include="..\include\arithmetic\mi_line_segment.h">
      <Filter>Include</Filter>
    </ClInclude>
    <ClInclude Include="..\include\arithmetic\mi_matrix4.h">
      <Filter>Include</Filter>
    </ClInclude>
    <ClInclude Include="..\include\arithmetic\mi_matrix4f.h">
      <Filter>Include</Filter>
    </ClInclude>
    <ClInclude Include="..\include\arithmetic\mi_ortho_camera.h">
      <Filter>Include</Filter>
    </ClInclude>
    <ClInclude Include="..\include\arithmetic\mi_perspective_camera.h">
      <Filter>Include</Filter>
    </ClInclude>
    <ClInclude Include="..\include\arithmetic\mi_plane.h">
      <Filter>Include</Filter>
    </ClInclude>
    <ClInclude Include="..\include\arithmetic\mi_point2.h">
      <Filter>Include</Filter>
    </ClInclude>
    <ClInclude Include="..\include\arithmetic\mi_point3.h">
      <Filter>Include</Filter>
    </ClInclude>
    <ClInclude Include="..\include\arithmetic\mi_quat4.h">
      <Filter>Include</Filter>
    </ClInclude>
    <ClInclude Include="..\include\arithmetic\mi_rectangle.h">
      <Filter>Include</Filter>
    </ClInclude>
    <ClInclude Include="..\include\arithmetic\mi_rsa_utils.h">
      <Filter>Include</Filter>
    </ClInclude>
    <ClInclude Include="..\include\arithmetic\mi_run_length_operator.h">
      <Filter>Include</Filter>
    </ClInclude>
    <ClInclude Include="..\include\arithmetic\mi_sampler.h">
      <Filter>Include</Filter>
    </ClInclude>
    <ClInclude Include="..\include\arithmetic\mi_scan_line_analysis.h">
      <Filter>Include</Filter>
    </ClInclude>
    <ClInclude Include="..\include\arithmetic\mi_segment_interface.h">
      <Filter>Include</Filter>
    </ClInclude>
    <ClInclude Include="..\include\arithmetic\mi_segment_threshold.h">
      <Filter>Include</Filter>
    </ClInclude>
    <ClInclude Include="..\include\arithmetic\mi_shape_interface.h">
      <Filter>Include</Filter>
    </ClInclude>
    <ClInclude Include="..\include\arithmetic\mi_simd.h">
      <Filter>Include</Filter>
    </ClInclude>
    <ClInclude Include="..\include\arithmetic\mi_sphere.h">
      <Filter>Include</Filter>
    </ClInclude>
    <ClInclude Include="..\include\arithmetic\mi_track_ball.h">
      <Filter>Include</Filter>
    </ClInclude>
    <ClInclude Include="..\include\arithmetic\mi_triangle.h">
      <Filter>Include</Filter>
    </ClInclude>
    <ClInclude Include="..\include\arithmetic\mi_vector2.h">
      <Filter>Include</Filter>
    </ClInclude>
    <ClInclude Include="..\include\arithmetic\mi_vector2f.h">
      <Filter>Include</Filter>
    </ClInclude>
    <ClInclude Include="..\include\arithmetic\mi_vector3.h">
      <Filter>Include</Filter>
    </ClInclude>
    <ClInclude Include="..\include\arithmetic\mi_vector3f.h">
      <Filter>Include</Filter>
    </ClInclude>
    <ClInclude Include="..\include\arithmetic\mi_vector4f.h">
      <Filter>Include</Filter>
    </ClInclude>
    <ClInclude Include="..\include\arithmetic\mi_volume_statistician.h">
      <Filter>Include</Filter>
    </ClInclude>
    <ClInclude Include="..\include\arithmetic\mi_morphology.h">
      <Filter>Include</Filter>
    </ClInclude>
    <ClInclude Include="..\include\arithmetic\mi_arithmetic_logger.h">
      <Filter>Include</Filter>
    </ClInclude>
  </ItemGroup>
  <ItemGroup>
    <None Include="..\include\arithmetic\mi_sampler.inl">
      <Filter>Include</Filter>
    </None>
    <None Include="..\include\arithmetic\mi_segment_threshold.inl">
      <Filter>Include</Filter>
    </None>
    <None Include="..\include\arithmetic\mi_volume_statistician.inl">
      <Filter>Include</Filter>
    </None>
  </ItemGroup>
</Project>