
Microsoft Visual Studio Solution File, Format Version 11.00
# Visual Studio 2010
Project("{8BC9CEB8-8B4A-11D0-8D11-00A0C91BC942}") = "MedImgArithmetic", "MedImgArithmetic.vcxproj", "{EE400442-5592-4D10-8D86-F90F40FB82E9}"
	ProjectSection(ProjectDependencies) = postProject
		{7053A71D-6E3C-4D85-9043-2E8A7CDC0F95} = {7053A71D-6E3C-4D85-9043-2E8A7CDC0F95}
		{B145D5A9-33D6-4F5B-A772-97888E125339} = {B145D5A9-33D6-4F5B-A772-97888E125339}
	EndProjectSection
EndProject
Project("{8BC9CEB8-8B4A-11D0-8D11-00A0C91BC942}") = "MedImgUtil", "MedImgUtil.vcxproj", "{7053A71D-6E3C-4D85-9043-2E8A7CDC0F95}"
	ProjectSection(ProjectDependencies) = postProject
		{B145D5A9-33D6-4F5B-A772-97888E125339} = {B145D5A9-33D6-4F5B-A772-97888E125339}
	EndProjectSection
EndProject
Project("{8BC9CEB8-8B4A-11D0-8D11-00A0C91BC942}") = "MedImgIO", "MedImgIO.vcxproj", "{FF260761-08B1-4351-B612-0F8173346772}"
	ProjectSection(ProjectDependencies) = postProject
		{7053A71D-6E3C-4D85-9043-2E8A7CDC0F95} = {7053A71D-6E3C-4D85-9043-2E8A7CDC0F95}
		{EE400442-5592-4D10-8D86-F90F40FB82E9} = {EE400442-5592-4D10-8D86-F90F40FB82E9}
		{B145D5A9-33D6-4F5B-A772-97888E125339} = {B145D5A9-33D6-4F5B-A772-97888E125339}
	EndProjectSection
EndProject
Project("{8BC9CEB8-8B4A-11D0-8D11-00A0C91BC942}") = "MedImgGLResource", "MedImgGLResource.vcxproj", "{EA52EB72-7D67-4137-99CF-309F86B60CF6}"
	ProjectSection(ProjectDependencies) = postProject
		{7053A71D-6E3C-4D85-9043-2E8A7CDC0F95} = {7053A71D-6E3C-4D85-9043-2E8A7CDC0F95}
		{EE400442-5592-4D10-8D86-F90F40FB82E9} = {EE400442-5592-4D10-8D86-F90F40FB82E9}
		{B145D5A9-33D6-4F5B-A772-97888E125339} = {B145D5A9-33D6-4F5B-A772-97888E125339}
	EndProjectSection
EndProject
Project("{2150E333-8FDC-42A3-9474-1A3956D46DE8}") = "Executable", "Executable", "{B0A8288B-6477-49F0-88FF-3F97C06EB0A2}"
EndProject
Project("{8BC9CEB8-8B4A-11D0-8D11-00A0C91BC942}") = "MedImgShaderEncoder", "MedImgShaderEncoder.vcxproj", "{29310048-0F05-4E38-8C6C-78D3929E8973}"
EndProject
Project("{8BC9CEB8-8B4A-11D0-8D11-00A0C91BC942}") = "NoduleAnnotation", "NoduleAnnotation.vcxproj", "{C796E61C-151F-4254-BADD-D93F6D685BB5}"
	ProjectSection(ProjectDependencies) = postProject
		{7053A71D-6E3C-4D85-9043-2E8A7CDC0F95} = {7053A71D-6E3C-4D85-9043-2E8A7CDC0F95}
		{EE400442-5592-4D10-8D86-F90F40FB82E9} = {EE400442-5592-4D10-8D86-F90F40FB82E9}
		{FF260761-08B1-4351-B612-0F8173346772} = {FF260761-08B1-4351-B612-0F8173346772}
		{EA52EB72-7D67-4137-99CF-309F86B60CF6} = {EA52EB72-7D67-4137-99CF-309F86B60CF6}
		{1ADA8984-EEFA-4401-93D5-64CC3E075855} = {1ADA8984-EEFA-4401-93D5-64CC3E075855}
		{B145D5A9-33D6-4F5B-A772-97888E125339} = {B145D5A9-33D6-4F5B-A772-97888E125339}
	EndProjectSection
EndProject
Project("{8BC9CEB8-8B4A-11D0-8D11-00A0C91BC942}") = "MedImgAnonymization", "MedImgAnonymization.vcxproj", "{6C33E0D2-BF8F-458C-BFA2-1236F9FE88C8}"
	ProjectSection(ProjectDependencies) = postProject
		{7053A71D-6E3C-4D85-9043-2E8A7CDC0F95} = {7053A71D-6E3C-4D85-9043-2E8A7CDC0F95}
		{FF260761-08B1-4351-B612-0F8173346772} = {FF260761-08B1-4351-B612-0F8173346772}
		{B145D5A9-33D6-4F5B-A772-97888E125339} = {B145D5A9-33D6-4F5B-A772-97888E125339}
	EndProjectSection
EndProject
Project("{2150E333-8FDC-42A3-9474-1A3956D46DE8}") = "UT", "UT", "{25C5F36B-1409-4FA6-80FE-D07A33DB2985}"
EndProject
Project("{8BC9CEB8-8B4A-11D0-8D11-00A0C91BC942}") = "MedImgUtil_UT", "MedImgUtil_UT.vcxproj", "{16DCB576-8840-41CE-A30C-E5C1FE6461A4}"
	ProjectSection(ProjectDependencies) = postProject
		{7053A71D-6E3C-4D85-9043-2E8A7CDC0F95} = {7053A71D-6E3C-4D85-9043-2E8A7CDC0F95}
		{B145D5A9-33D6-4F5B-A772-97888E125339} = {B145D5A9-33D6-4F5B-A772-97888E125339}
	EndProjectSection
EndProject
Project("{8BC9CEB8-8B4A-11D0-8D11-00A0C91BC942}") = "MedImgRenderAlgorithm_UT", "MedImgRenderAlgorithm_UT.vcxproj", "{0DCF4CEE-327A-4879-87EE-0F894BA18531}"
	ProjectSection(ProjectDependencies) = postProject
		{7053A71D-6E3C-4D85-9043-2E8A7CDC0F95} = {7053A71D-6E3C-4D85-9043-2E8A7CDC0F95}
		{EE400442-5592-4D10-8D86-F90F40FB82E9} = {EE400442-5592-4D10-8D86-F90F40FB82E9}
		{FF260761-08B1-4351-B612-0F8173346772} = {FF260761-08B1-4351-B612-0F8173346772}
		{EA52EB72-7D67-4137-99CF-309F86B60CF6} = {EA52EB72-7D67-4137-99CF-309F86B60CF6}
		{DF3C3577-A42A-42C9-9C19-AF2DA66448C2} = {DF3C3577-A42A-42C9-9C19-AF2DA66448C2}
		{B145D5A9-33D6-4F5B-A772-97888E125339} = {B145D5A9-33D6-4F5B-A772-97888E125339}
	EndProjectSection
EndProject
Project("{2150E333-8FDC-42A3-9474-1A3956D46DE8}") = "QTPackage", "QTPackage", "{A1050FAB-DA37-4D80-B856-ADC757A854B0}"
EndProject
Project("{8BC9CEB8-8B4A-11D0-8D11-00A0C91BC942}") = "MedImgQtPackage", "MedImgQtPackage.vcxproj", "{1ADA8984-EEFA-4401-93D5-64CC3E075855}"
	ProjectSection(ProjectDependencies) = postProject
		{7053A71D-6E3C-4D85-9043-2E8A7CDC0F95} = {7053A71D-6E3C-4D85-9043-2E8A7CDC0F95}
		{EE400442-5592-4D10-8D86-F90F40FB82E9} = {EE400442-5592-4D10-8D86-F90F40FB82E9}
		{FF260761-08B1-4351-B612-0F8173346772} = {FF260761-08B1-4351-B612-0F8173346772}
		{EA52EB72-7D67-4137-99CF-309F86B60CF6} = {EA52EB72-7D67-4137-99CF-309F86B60CF6}
		{B145D5A9-33D6-4F5B-A772-97888E125339} = {B145D5A9-33D6-4F5B-A772-97888E125339}
	EndProjectSection
EndProject
Project("{8BC9CEB8-8B4A-11D0-8D11-00A0C91BC942}") = "MedImgExtractMask", "MedImgExtractMask.vcxproj", "{DC7764FE-1B04-4784-8613-96206355307D}"
	ProjectSection(ProjectDependencies) = postProject
		{7053A71D-6E3C-4D85-9043-2E8A7CDC0F95} = {7053A71D-6E3C-4D85-9043-2E8A7CDC0F95}
		{EE400442-5592-4D10-8D86-F90F40FB82E9} = {EE400442-5592-4D10-8D86-F90F40FB82E9}
		{FF260761-08B1-4351-B612-0F8173346772} = {FF260761-08B1-4351-B612-0F8173346772}
		{EA52EB72-7D67-4137-99CF-309F86B60CF6} = {EA52EB72-7D67-4137-99CF-309F86B60CF6}
		{B145D5A9-33D6-4F5B-A772-97888E125339} = {B145D5A9-33D6-4F5B-A772-97888E125339}
	EndProjectSection
EndProject
Project("{8BC9CEB8-8B4A-11D0-8D11-00A0C91BC942}") = "MedImgIO_UT", "MedImgIO_UT.vcxproj", "{42E32450-189A-42D6-AD62-CBB3D2B691B5}"
	ProjectSection(ProjectDependencies) = postProject
		{7053A71D-6E3C-4D85-9043-2E8A7CDC0F95} = {7053A71D-6E3C-4D85-9043-2E8A7CDC0F95}
		{FF260761-08B1-4351-B612-0F8173346772} = {FF260761-08B1-4351-B612-0F8173346772}
		{B145D5A9-33D6-4F5B-A772-97888E125339} = {B145D5A9-33D6-4F5B-A772-97888E125339}
	EndProjectSection
EndProject
Project("{8BC9CEB8-8B4A-11D0-8D11-00A0C91BC942}") = "MedImgGLResource_UT", "MedImgGLResource_UT.vcxproj", "{F41D1AF7-C31B-4257-BF72-1F1531EE542D}"
	ProjectSection(ProjectDependencies) = postProject
		{7053A71D-6E3C-4D85-9043-2E8A7CDC0F95} = {7053A71D-6E3C-4D85-9043-2E8A7CDC0F95}
		{EA52EB72-7D67-4137-99CF-309F86B60CF6} = {EA52EB72-7D67-4137-99CF-309F86B60CF6}
		{B145D5A9-33D6-4F5B-A772-97888E125339} = {B145D5A9-33D6-4F5B-A772-97888E125339}
	EndProjectSection
EndProject
Project("{8BC9CEB8-8B4A-11D0-8D11-00A0C91BC942}") = "MedImgMajorExtract", "MedImgMajorExtract.vcxproj", "{D52E376D-A386-4F0F-9F35-16FDB189E2DC}"
	ProjectSection(ProjectDependencies) = postProject
		{7053A71D-6E3C-4D85-9043-2E8A7CDC0F95} = {7053A71D-6E3C-4D85-9043-2E8A7CDC0F95}
		{EE400442-5592-4D10-8D86-F90F40FB82E9} = {EE400442-5592-4D10-8D86-F90F40FB82E9}
		{FF260761-08B1-4351-B612-0F8173346772} = {FF260761-08B1-4351-B612-0F8173346772}
		{EA52EB72-7D67-4137-99CF-309F86B60CF6} = {EA52EB72-7D67-4137-99CF-309F86B60CF6}
		{B145D5A9-33D6-4F5B-A772-97888E125339} = {B145D5A9-33D6-4F5B-A772-97888E125339}
	EndProjectSection
EndProject
Project("{8BC9CEB8-8B4A-11D0-8D11-00A0C91BC942}") = "MedImgLog_UT", "MedImgLog_UT.vcxproj", "{858B9489-49CE-4812-AA06-44CC71FFAA9F}"
	ProjectSection(ProjectDependencies) = postProject
		{B145D5A9-33D6-4F5B-A772-97888E125339} = {B145D5A9-33D6-4F5B-A772-97888E125339}
	EndProjectSection
EndProject
Project("{8BC9CEB8-8B4A-11D0-8D11-00A0C91BC942}") = "MedImgLog", "MedImgLog.vcxproj", "{B145D5A9-33D6-4F5B-A772-97888E125339}"
EndProject
Project("{8BC9CEB8-8B4A-11D0-8D11-00A0C91BC942}") = "MedImgCUDA_UT", "MedImgCUDA_UT.vcxproj", "{2A408E38-19C3-445D-89F6-3E937E91A08F}"
	ProjectSection(ProjectDependencies) = postProject
		{7053A71D-6E3C-4D85-9043-2E8A7CDC0F95} = {7053A71D-6E3C-4D85-9043-2E8A7CDC0F95}
		{EE400442-5592-4D10-8D86-F90F40FB82E9} = {EE400442-5592-4D10-8D86-F90F40FB82E9}
		{FF260761-08B1-4351-B612-0F8173346772} = {FF260761-08B1-4351-B612-0F8173346772}
		{EA52EB72-7D67-4137-99CF-309F86B60CF6} = {EA52EB72-7D67-4137-99CF-309F86B60CF6}
		{DF3C3577-A42A-42C9-9C19-AF2DA66448C2} = {DF3C3577-A42A-42C9-9C19-AF2DA66448C2}
		{B145D5A9-33D6-4F5B-A772-97888E125339} = {B145D5A9-33D6-4F5B-A772-97888E125339}
	EndProjectSection
EndProject
Project("{8BC9CEB8-8B4A-11D0-8D11-00A0C91BC942}") = "MedImgCudaResource", "MedImgCudaResource.vcxproj", "{AB44033A-28DB-4292-A629-F6B27FCFC415}"
EndProject
Project("{8BC9CEB8-8B4A-11D0-8D11-00A0C91BC942}") = "MedImgRenderAlgorithm", "MedImgRenderAlgorithm.vcxproj", "{DF3C3577-A42A-42C9-9C19-AF2DA66448C2}"
	ProjectSection(ProjectDependencies) = postProject
		{AB44033A-28DB-4292-A629-F6B27FCFC415} = {AB44033A-28DB-4292-A629-F6B27FCFC415}
		{EE400442-5592-4D10-8D86-F90F40FB82E9} = {EE400442-5592-4D10-8D86-F90F40FB82E9}
		{29310048-0F05-4E38-8C6C-78D3929E8973} = {29310048-0F05-4E38-8C6C-78D3929E8973}
		{FF260761-08B1-4351-B612-0F8173346772} = {FF260761-08B1-4351-B612-0F8173346772}
		{EA52EB72-7D67-4137-99CF-309F86B60CF6} = {EA52EB72-7D67-4137-99CF-309F86B60CF6}
		{B145D5A9-33D6-4F5B-A772-97888E125339} = {B145D5A9-33D6-4F5B-A772-97888E125339}
	EndProjectSection
EndProject
Global
	GlobalSection(SolutionConfigurationPlatforms) = preSolution
		Debug|x64 = Debug|x64
		Release|x64 = Release|x64
	EndGlobalSection
	GlobalSection(ProjectConfigurationPlatforms) = postSolution
		{EE400442-5592-4D10-8D86-F90F40FB82E9}.Debug|x64.ActiveCfg = Debug|x64
		{EE400442-5592-4D10-8D86-F90F40FB82E9}.Debug|x64.Build.0 = Debug|x64
		{EE400442-5592-4D10-8D86-F90F40FB82E9}.Release|x64.ActiveCfg = Release|x64
		{EE400442-5592-4D10-8D86-F90F40FB82E9}.Release|x64.Build.0 = Release|x64
		{7053A71D-6E3C-4D85-9043-2E8A7CDC0F95}.Debug|x64.ActiveCfg = Debug|x64
		{7053A71D-6E3C-4D85-9043-2E8A7CDC0F95}.Debug|x64.Build.0 = Debug|x64
		{7053A71D-6E3C-4D85-9043-2E8A7CDC0F95}.Release|x64.ActiveCfg = Release|x64
		{7053A71D-6E3C-4D85-9043-2E8A7CDC0F95}.Release|x64.Build.0 = Release|x64
		{FF260761-08B1-4351-B612-0F8173346772}.Debug|x64.ActiveCfg = Debug|x64
		{FF260761-08B1-4351-B612-0F8173346772}.Debug|x64.Build.0 = Debug|x64
		{FF260761-08B1-4351-B612-0F8173346772}.Release|x64.ActiveCfg = Release|x64
		{FF260761-08B1-4351-B612-0F8173346772}.Release|x64.Build.0 = Release|x64
		{EA52EB72-7D67-4137-99CF-309F86B60CF6}.Debug|x64.ActiveCfg = Debug|x64
		{EA52EB72-7D67-4137-99CF-309F86B60CF6}.Debug|x64.Build.0 = Debug|x64
		{EA52EB72-7D67-4137-99CF-309F86B60CF6}.Release|x64.ActiveCfg = Release|x64
		{EA52EB72-7D67-4137-99CF-309F86B60CF6}.Release|x64.Build.0 = Release|x64
		{29310048-0F05-4E38-8C6C-78D3929E8973}.Debug|x64.ActiveCfg = Debug|x64
		{29310048-0F05-4E38-8C6C-78D3929E8973}.Debug|x64.Build.0 = Debug|x64
		{29310048-0F05-4E38-8C6C-78D3929E8973}.Release|x64.ActiveCfg = Release|x64
		{29310048-0F05-4E38-8C6C-78D3929E8973}.Release|x64.Build.0 = Release|x64
		{C796E61C-151F-4254-BADD-D93F6D685BB5}.Debug|x64.ActiveCfg = Debug|x64
		{C796E61C-151F-4254-BADD-D93F6D685BB5}.Debug|x64.Build.0 = Debug|x64
		{C796E61C-151F-4254-BADD-D93F6D685BB5}.Release|x64.ActiveCfg = Release|x64
		{C796E61C-151F-4254-BADD-D93F6D685BB5}.Release|x64.Build.0 = Release|x64
		{6C33E0D2-BF8F-458C-BFA2-1236F9FE88C8}.Debug|x64.ActiveCfg = Debug|x64
		{6C33E0D2-BF8F-458C-BFA2-1236F9FE88C8}.Debug|x64.Build.0 = Debug|x64
		{6C33E0D2-BF8F-458C-BFA2-1236F9FE88C8}.Release|x64.ActiveCfg = Release|x64
		{6C33E0D2-BF8F-458C-BFA2-1236F9FE88C8}.Release|x64.Build.0 = Release|x64
		{16DCB576-8840-41CE-A30C-E5C1FE6461A4}.Debug|x64.ActiveCfg = Debug|x64
		{16DCB576-8840-41CE-A30C-E5C1FE6461A4}.Debug|x64.Build.0 = Debug|x64
		{16DCB576-8840-41CE-A30C-E5C1FE6461A4}.Release|x64.ActiveCfg = Release|x64
		{16DCB576-8840-41CE-A30C-E5C1FE6461A4}.Release|x64.Build.0 = Release|x64
		{0DCF4CEE-327A-4879-87EE-0F894BA18531}.Debug|x64.ActiveCfg = Debug|x64
		{0DCF4CEE-327A-4879-87EE-0F894BA18531}.Debug|x64.Build.0 = Debug|x64
		{0DCF4CEE-327A-4879-87EE-0F894BA18531}.Release|x64.ActiveCfg = Release|x64
		{0DCF4CEE-327A-4879-87EE-0F894BA18531}.Release|x64.Build.0 = Release|x64
		{1ADA8984-EEFA-4401-93D5-64CC3E075855}.Debug|x64.ActiveCfg = Debug|x64
		{1ADA8984-EEFA-4401-93D5-64CC3E075855}.Debug|x64.Build.0 = Debug|x64
		{1ADA8984-EEFA-4401-93D5-64CC3E075855}.Release|x64.ActiveCfg = Release|x64
		{1ADA8984-EEFA-4401-93D5-64CC3E075855}.Release|x64.Build.0 = Release|x64
		{DC7764FE-1B04-4784-8613-96206355307D}.Debug|x64.ActiveCfg = Debug|x64
		{DC7764FE-1B04-4784-8613-96206355307D}.Debug|x64.Build.0 = Debug|x64
		{DC7764FE-1B04-4784-8613-96206355307D}.Release|x64.ActiveCfg = Release|x64
		{DC7764FE-1B04-4784-8613-96206355307D}.Release|x64.Build.0 = Release|x64
		{42E32450-189A-42D6-AD62-CBB3D2B691B5}.Debug|x64.ActiveCfg = Debug|x64
		{42E32450-189A-42D6-AD62-CBB3D2B691B5}.Debug|x64.Build.0 = Debug|x64
		{42E32450-189A-42D6-AD62-CBB3D2B691B5}.Release|x64.ActiveCfg = Release|x64
		{42E32450-189A-42D6-AD62-CBB3D2B691B5}.Release|x64.Build.0 = Release|x64
		{F41D1AF7-C31B-4257-BF72-1F1531EE542D}.Debug|x64.ActiveCfg = Debug|x64
		{F41D1AF7-C31B-4257-BF72-1F1531EE542D}.Debug|x64.Build.0 = Debug|x64
		{F41D1AF7-C31B-4257-BF72-1F1531EE542D}.Release|x64.ActiveCfg = Release|x64
		{F41D1AF7-C31B-4257-BF72-1F1531EE542D}.Release|x64.Build.0 = Release|x64
		{D52E376D-A386-4F0F-9F35-16FDB189E2DC}.Debug|x64.ActiveCfg = Debug|x64
		{D52E376D-A386-4F0F-9F35-16FDB189E2DC}.Debug|x64.Build.0 = Debug|x64
		{D52E376D-A386-4F0F-9F35-16FDB189E2DC}.Release|x64.ActiveCfg = Release|x64
		{D52E376D-A386-4F0F-9F35-16FDB189E2DC}.Release|x64.Build.0 = Release|x64
		{858B9489-49CE-4812-AA06-44CC71FFAA9F}.Debug|x64.ActiveCfg = Debug|x64
		{858B9489-49CE-4812-AA06-44CC71FFAA9F}.Debug|x64.Build.0 = Debug|x64
		{858B9489-49CE-4812-AA06-44CC71FFAA9F}.Release|x64.ActiveCfg = Release|x64
		{858B9489-49CE-4812-AA06-44CC71FFAA9F}.Release|x64.Build.0 = Release|x64
		{B145D5A9-33D6-4F5B-A772-97888E125339}.Debug|x64.ActiveCfg = Debug|x64
		{B145D5A9-33D6-4F5B-A772-97888E125339}.Debug|x64.Build.0 = Debug|x64
		{B145D5A9-33D6-4F5B-A772-97888E125339}.Release|x64.ActiveCfg = Release|x64
		{B145D5A9-33D6-4F5B-A772-97888E125339}.Release|x64.Build.0 = Release|x64
		{2A408E38-19C3-445D-89F6-3E937E91A08F}.Debug|x64.ActiveCfg = Debug|x64
		{2A408E38-19C3-445D-89F6-3E937E91A08F}.Debug|x64.Build.0 = Debug|x64
		{2A408E38-19C3-445D-89F6-3E937E91A08F}.Release|x64.ActiveCfg = Release|x64
		{2A408E38-19C3-445D-89F6-3E937E91A08F}.Release|x64.Build.0 = Release|x64
		{AB44033A-28DB-4292-A629-F6B27FCFC415}.Debug|x64.ActiveCfg = Debug|x64
		{AB44033A-28DB-4292-A629-F6B27FCFC415}.Debug|x64.Build.0 = Debug|x64
		{AB44033A-28DB-4292-A629-F6B27FCFC415}.Release|x64.ActiveCfg = Release|x64
		{AB44033A-28DB-4292-A629-F6B27FCFC415}.Release|x64.Build.0 = Release|x64
		{DF3C3577-A42A-42C9-9C19-AF2DA66448C2}.Debug|x64.ActiveCfg = Debug|x64
		{DF3C3577-A42A-42C9-9C19-AF2DA66448C2}.Debug|x64.Build.0 = Debug|x64
		{DF3C3577-A42A-42C9-9C19-AF2DA66448C2}.Release|x64.ActiveCfg = Release|x64
		{DF3C3577-A42A-42C9-9C19-AF2DA66448C2}.Release|x64.Build.0 = Release|x64
	EndGlobalSection
	GlobalSection(SolutionProperties) = preSolution
		HideSolutionNode = FALSE
	EndGlobalSection
	GlobalSection(NestedProjects) = preSolution
		{29310048-0F05-4E38-8C6C-78D3929E8973} = {B0A8288B-6477-49F0-88FF-3F97C06EB0A2}
		{C796E61C-151F-4254-BADD-D93F6D685BB5} = {B0A8288B-6477-49F0-88FF-3F97C06EB0A2}
		{6C33E0D2-BF8F-458C-BFA2-1236F9FE88C8} = {B0A8288B-6477-49F0-88FF-3F97C06EB0A2}
		{DC7764FE-1B04-4784-8613-96206355307D} = {B0A8288B-6477-49F0-88FF-3F97C06EB0A2}
		{D52E376D-A386-4F0F-9F35-16FDB189E2DC} = {B0A8288B-6477-49F0-88FF-3F97C06EB0A2}
		{16DCB576-8840-41CE-A30C-E5C1FE6461A4} = {25C5F36B-1409-4FA6-80FE-D07A33DB2985}
		{0DCF4CEE-327A-4879-87EE-0F894BA18531} = {25C5F36B-1409-4FA6-80FE-D07A33DB2985}
		{42E32450-189A-42D6-AD62-CBB3D2B691B5} = {25C5F36B-1409-4FA6-80FE-D07A33DB2985}
		{F41D1AF7-C31B-4257-BF72-1F1531EE542D} = {25C5F36B-1409-4FA6-80FE-D07A33DB2985}
		{858B9489-49CE-4812-AA06-44CC71FFAA9F} = {25C5F36B-1409-4FA6-80FE-D07A33DB2985}
		{2A408E38-19C3-445D-89F6-3E937E91A08F} = {25C5F36B-1409-4FA6-80FE-D07A33DB2985}
		{1ADA8984-EEFA-4401-93D5-64CC3E075855} = {A1050FAB-DA37-4D80-B856-ADC757A854B0}
	EndGlobalSection
EndGlobal
