<?xml version="1.0" encoding="utf-8"?>
<Project ToolsVersion="4.0" xmlns="http://schemas.microsoft.com/developer/msbuild/2003">
  <ItemGroup>
    <Filter Include="Include">
      <UniqueIdentifier>{93995380-89BD-4b04-88EB-625FBE52EBFB}</UniqueIdentifier>
      <Extensions>h;hpp;hxx;hm;inl;inc;xsd</Extensions>
    </Filter>
    <Filter Include="Source">
      <UniqueIdentifier>{4FC737F1-C7A5-4376-A066-2A32D752A2FF}</UniqueIdentifier>
      <Extensions>cpp;c;cc;cxx;def;odl;idl;hpj;bat;asm;asmx</Extensions>
    </Filter>
  </ItemGroup>
  <ItemGroup>
    <ClInclude Include="..\Include\MedImgIO\mi_dicom_exporter.h">
      <Filter>Include</Filter>
    </ClInclude>
    <ClInclude Include="..\Include\MedImgIO\mi_dicom_loader.h">
      <Filter>Include</Filter>
    </ClInclude>
    <ClInclude Include="..\Include\MedImgIO\mi_dicom_rt_struct.h">
      <Filter>Include</Filter>
    </ClInclude>
    <ClInclude Include="..\Include\MedImgIO\mi_dicom_rt_struct_loader.h">
      <Filter>Include</Filter>
    </ClInclude>
    <ClInclude Include="..\Include\MedImgIO\mi_image_data.h">
      <Filter>Include</Filter>
    </ClInclude>
    <ClInclude Include="..\Include\MedImgIO\mi_image_data_header.h">
      <Filter>Include</Filter>
    </ClInclude>
    <ClInclude Include="..\Include\MedImgIO\mi_meta_object_loader.h">
      <Filter>Include</Filter>
    </ClInclude>
    <ClInclude Include="..\Include\MedImgIO\mi_nodule_set.h">
      <Filter>Include</Filter>
    </ClInclude>
    <ClInclude Include="..\Include\MedImgIO\mi_nodule_set_parser.h">
      <Filter>Include</Filter>
    </ClInclude>
    <ClInclude Include="..\Include\MedImgIO\mi_voi.h">
      <Filter>Include</Filter>
    </ClInclude>
    <ClInclude Include="..\Include\MedImgIO\mi_zlib_utils.h">
      <Filter>Include</Filter>
    </ClInclude>
    <ClInclude Include="..\Include\MedImgIO\mi_io_define.h">
      <Filter>Include</Filter>
    </ClInclude>
    <ClInclude Include="..\Include\MedImgIO\mi_io_export.h">
      <Filter>Include</Filter>
    </ClInclude>
  </ItemGroup>
  <ItemGroup>
    <ClCompile Include="..\MedImgIO\mi_dicom_exporter.cpp">
      <Filter>Source</Filter>
    </ClCompile>
    <ClCompile Include="..\MedImgIO\mi_dicom_loader.cpp">
      <Filter>Source</Filter>
    </ClCompile>
    <ClCompile Include="..\MedImgIO\mi_dicom_rt_struct.cpp">
      <Filter>Source</Filter>
    </ClCompile>
    <ClCompile Include="..\MedImgIO\mi_dicom_rt_struct_loader.cpp">
      <Filter>Source</Filter>
    </ClCompile>
    <ClCompile Include="..\MedImgIO\mi_image_data.cpp">
      <Filter>Source</Filter>
    </ClCompile>
    <ClCompile Include="..\MedImgIO\mi_meta_object_loader.cpp">
      <Filter>Source</Filter>
    </ClCompile>
    <ClCompile Include="..\MedImgIO\mi_nodule_set.cpp">
      <Filter>Source</Filter>
    </ClCompile>
    <ClCompile Include="..\MedImgIO\mi_nodule_set_parser.cpp">
      <Filter>Source</Filter>
    </ClCompile>
    <ClCompile Include="..\MedImgIO\mi_zlib_utils.cpp">
      <Filter>Source</Filter>
    </ClCompile>
  </ItemGroup>
</Project>