<?xml version="1.0" encoding="utf-8"?>
<Project ToolsVersion="4.0" xmlns="http://schemas.microsoft.com/developer/msbuild/2003">
  <ItemGroup>
    <Filter Include="Include">
      <UniqueIdentifier>{93995380-89BD-4b04-88EB-625FBE52EBFB}</UniqueIdentifier>
      <Extensions>h;hpp;hxx;hm;inl;inc;xsd</Extensions>
    </Filter>
    <Filter Include="Source">
      <UniqueIdentifier>{4FC737F1-C7A5-4376-A066-2A32D752A2FF}</UniqueIdentifier>
      <Extensions>cpp;c;cc;cxx;def;odl;idl;hpj;bat;asm;asmx</Extensions>
    </Filter>
  </ItemGroup>
  <ItemGroup>
    <ClInclude Include="..\include\util\mi_exception.h">
      <Filter>Include</Filter>
    </ClInclude>
    <ClInclude Include="..\include\util\mi_file_util.h">
      <Filter>Include</Filter>
    </ClInclude>
    <ClInclude Include="..\include\util\mi_ipc_client_proxy.h">
      <Filter>Include</Filter>
    </ClInclude>
    <ClInclude Include="..\include\util\mi_ipc_common.h">
      <Filter>Include</Filter>
    </ClInclude>
    <ClInclude Include="..\include\util\mi_message_queue.h">
      <Filter>Include</Filter>
    </ClInclude>
    <ClInclude Include="..\include\util\mi_model_interface.h">
      <Filter>Include</Filter>
    </ClInclude>
    <ClInclude Include="..\include\util\mi_model_progress.h">
      <Filter>Include</Filter>
    </ClInclude>
    <ClInclude Include="..\include\util\mi_observer_interface.h">
      <Filter>Include</Filter>
    </ClInclude>
    <ClInclude Include="..\include\util\mi_socket_client.h">
      <Filter>Include</Filter>
    </ClInclude>
    <ClInclude Include="..\include\util\mi_string_number_converter.h">
      <Filter>Include</Filter>
    </ClInclude>
    <ClInclude Include="..\include\util\mi_util_export.h">
      <Filter>Include</Filter>
    </ClInclude>
    <ClInclude Include="..\include\util\mi_util_logger.h">
      <Filter>Include</Filter>
    </ClInclude>
    <ClInclude Include="..\include\util\mi_controller_interface.h">
      <Filter>Include</Filter>
    </ClInclude>
    <ClInclude Include="..\include\util\mi_ipc_server_proxy.h">
      <Filter>Include</Filter>
    </ClInclude>
    <ClInclude Include="..\include\util\mi_memory_shield.h">
      <Filter>Include</Filter>
    </ClInclude>
    <ClInclude Include="..\include\util\mi_operation_factory.h">
      <Filter>Include</Filter>
    </ClInclude>
    <ClInclude Include="..\include\util\mi_operation_interface.h">
      <Filter>Include</Filter>
    </ClInclude>
    <ClInclude Include="..\include\util\mi_socket_list.h">
      <Filter>Include</Filter>
    </ClInclude>
    <ClInclude Include="..\include\util\mi_socket_server.h">
      <Filter>Include</Filter>
    </ClInclude>
    <ClInclude Include="..\include\util\mi_uid.h">
      <Filter>Include</Filter>
    </ClInclude>
  </ItemGroup>
  <ItemGroup>
    <None Include="..\include\util\mi_message_queue.inl">
      <Filter>Include</Filter>
    </None>
  </ItemGroup>
  <ItemGroup>
    <ClCompile Include="..\util\mi_file_util.cpp">
      <Filter>Source</Filter>
    </ClCompile>
    <ClCompile Include="..\util\mi_ipc_client_proxy.cpp">
      <Filter>Source</Filter>
    </ClCompile>
    <ClCompile Include="..\util\mi_model_interface.cpp">
      <Filter>Source</Filter>
    </ClCompile>
    <ClCompile Include="..\util\mi_socket_client.cpp">
      <Filter>Source</Filter>
    </ClCompile>
    <ClCompile Include="..\util\mi_socket_server.cpp">
      <Filter>Source</Filter>
    </ClCompile>
    <ClCompile Include="..\util\mi_operation_factory.cpp">
      <Filter>Source</Filter>
    </ClCompile>
  </ItemGroup>
</Project>