<?xml version="1.0" encoding="utf-8"?>
<Project ToolsVersion="4.0" xmlns="http://schemas.microsoft.com/developer/msbuild/2003">
  <ItemGroup>
    <ClCompile Include="..\UT\MedImgUtil_UT\mi_util_ut.cpp" />
    <ClCompile Include="..\UT\MedImgUtil_UT\mi_test_ipc_proxy.cpp" />
    <ClCompile Include="..\UT\MedImgUtil_UT\mi_test_message_queue.cpp" />
  </ItemGroup>
</Project>