<?xml version="1.0" encoding="utf-8"?>
<Project ToolsVersion="4.0" xmlns="http://schemas.microsoft.com/developer/msbuild/2003">
  <ItemGroup>
    <Filter Include="Double">
      <UniqueIdentifier>{93995380-89BD-4b04-88EB-625FBE52EBFB}</UniqueIdentifier>
      <Extensions>h;hpp;hxx;hm;inl;inc;xsd</Extensions>
    </Filter>
    <Filter Include="Config">
      <UniqueIdentifier>{67DA6AB6-F800-4c08-8B7A-83BB121AAD01}</UniqueIdentifier>
      <Extensions>rc;ico;cur;bmp;dlg;rc2;rct;bin;rgs;gif;jpg;jpeg;jpe;resx;tiff;tif;png;wav;mfcribbon-ms</Extensions>
    </Filter>
    <Filter Include="Sampler">
      <UniqueIdentifier>{2c6ef048-6751-4cfb-8cd3-e4f484543a09}</UniqueIdentifier>
    </Filter>
    <Filter Include="Color Related">
      <UniqueIdentifier>{e2c8b0ff-b814-46f4-91b0-7471f09df719}</UniqueIdentifier>
    </Filter>
    <Filter Include="Shape">
      <UniqueIdentifier>{1f299bb5-5d30-4142-a8c2-7f52e945cd6f}</UniqueIdentifier>
    </Filter>
    <Filter Include="Utils">
      <UniqueIdentifier>{9ed2ff20-c1c5-40c5-8f5d-5707f5a5e009}</UniqueIdentifier>
    </Filter>
    <Filter Include="RSA">
      <UniqueIdentifier>{8da70d21-72e3-4ffe-a848-1668d42db7c1}</UniqueIdentifier>
    </Filter>
    <Filter Include="Statistic">
      <UniqueIdentifier>{4f77da27-3ac6-4c15-8300-a37c71e51783}</UniqueIdentifier>
    </Filter>
    <Filter Include="Float">
      <UniqueIdentifier>{4FC737F1-C7A5-4376-A066-2A32D752A2FF}</UniqueIdentifier>
      <Extensions>cpp;c;cc;cxx;def;odl;idl;hpj;bat;asm;asmx</Extensions>
    </Filter>
    <Filter Include="Segmentation">
      <UniqueIdentifier>{89b9b355-916a-4a39-b414-d31a5df2e3f8}</UniqueIdentifier>
    </Filter>
  </ItemGroup>
  <ItemGroup>
    <None Include="..\Include\MedImgArithmetic\mi_sampler.inl">
      <Filter>Sampler</Filter>
    </None>
    <None Include="..\Include\MedImgArithmetic\mi_volume_statistician.inl">
      <Filter>Statistic</Filter>
    </None>
    <None Include="..\Include\MedImgArithmetic\mi_segment_threshold.inl">
      <Filter>Segmentation</Filter>
    </None>
  </ItemGroup>
  <ItemGroup>
    <ClInclude Include="..\Include\MedImgArithmetic\mi_camera_base.h">
      <Filter>Double</Filter>
    </ClInclude>
    <ClInclude Include="..\Include\MedImgArithmetic\mi_matrix4.h">
      <Filter>Double</Filter>
    </ClInclude>
    <ClInclude Include="..\Include\MedImgArithmetic\mi_ortho_camera.h">
      <Filter>Double</Filter>
    </ClInclude>
    <ClInclude Include="..\Include\MedImgArithmetic\mi_perspective_camera.h">
      <Filter>Double</Filter>
    </ClInclude>
    <ClInclude Include="..\Include\MedImgArithmetic\mi_point2.h">
      <Filter>Double</Filter>
    </ClInclude>
    <ClInclude Include="..\Include\MedImgArithmetic\mi_point3.h">
      <Filter>Double</Filter>
    </ClInclude>
    <ClInclude Include="..\Include\MedImgArithmetic\mi_quat4.h">
      <Filter>Double</Filter>
    </ClInclude>
    <ClInclude Include="..\Include\MedImgArithmetic\mi_vector2.h">
      <Filter>Double</Filter>
    </ClInclude>
    <ClInclude Include="..\Include\MedImgArithmetic\mi_vector3.h">
      <Filter>Double</Filter>
    </ClInclude>
    <ClInclude Include="..\Include\MedImgArithmetic\mi_arithmetic_stdafx.h">
      <Filter>Config</Filter>
    </ClInclude>
    <ClInclude Include="..\Include\MedImgArithmetic\mi_matrix4f.h">
      <Filter>Float</Filter>
    </ClInclude>
    <ClInclude Include="..\Include\MedImgArithmetic\mi_vector2f.h">
      <Filter>Float</Filter>
    </ClInclude>
    <ClInclude Include="..\Include\MedImgArithmetic\mi_vector3f.h">
      <Filter>Float</Filter>
    </ClInclude>
    <ClInclude Include="..\Include\MedImgArithmetic\mi_vector4f.h">
      <Filter>Float</Filter>
    </ClInclude>
    <ClInclude Include="..\Include\MedImgArithmetic\mi_sampler.h">
      <Filter>Sampler</Filter>
    </ClInclude>
    <ClInclude Include="..\Include\MedImgArithmetic\mi_color_unit.h">
      <Filter>Color Related</Filter>
    </ClInclude>
    <ClInclude Include="..\Include\MedImgArithmetic\mi_track_ball.h">
      <Filter>Double</Filter>
    </ClInclude>
    <ClInclude Include="..\Include\MedImgArithmetic\mi_line.h">
      <Filter>Shape</Filter>
    </ClInclude>
    <ClInclude Include="..\Include\MedImgArithmetic\mi_line_segment.h">
      <Filter>Shape</Filter>
    </ClInclude>
    <ClInclude Include="..\Include\MedImgArithmetic\mi_plane.h">
      <Filter>Shape</Filter>
    </ClInclude>
    <ClInclude Include="..\Include\MedImgArithmetic\mi_triangle.h">
      <Filter>Shape</Filter>
    </ClInclude>
    <ClInclude Include="..\Include\MedImgArithmetic\mi_rectangle.h">
      <Filter>Shape</Filter>
    </ClInclude>
    <ClInclude Include="..\Include\MedImgArithmetic\mi_sphere.h">
      <Filter>Shape</Filter>
    </ClInclude>
    <ClInclude Include="..\Include\MedImgArithmetic\mi_aabb.h">
      <Filter>Shape</Filter>
    </ClInclude>
    <ClInclude Include="..\Include\MedImgArithmetic\mi_shape_interface.h">
      <Filter>Shape</Filter>
    </ClInclude>
    <ClInclude Include="..\Include\MedImgArithmetic\mi_arithmetic_utils.h">
      <Filter>Utils</Filter>
    </ClInclude>
    <ClInclude Include="..\Include\MedImgArithmetic\mi_arithmetic_common.h">
      <Filter>Utils</Filter>
    </ClInclude>
    <ClInclude Include="..\Include\MedImgArithmetic\mi_intersection_test.h">
      <Filter>Utils</Filter>
    </ClInclude>
    <ClInclude Include="..\Include\MedImgArithmetic\mi_rsa_utils.h">
      <Filter>RSA</Filter>
    </ClInclude>
    <ClInclude Include="..\Include\MedImgArithmetic\mi_volume_statistician.h">
      <Filter>Statistic</Filter>
    </ClInclude>
    <ClInclude Include="..\Include\MedImgArithmetic\mi_ellipsoid.h">
      <Filter>Shape</Filter>
    </ClInclude>
    <ClInclude Include="..\Include\MedImgArithmetic\mi_segment_interface.h">
      <Filter>Segmentation</Filter>
    </ClInclude>
    <ClInclude Include="..\Include\MedImgArithmetic\mi_segment_threshold.h">
      <Filter>Segmentation</Filter>
    </ClInclude>
  </ItemGroup>
  <ItemGroup>
    <ClCompile Include="mi_vector3.cpp">
      <Filter>Double</Filter>
    </ClCompile>
    <ClCompile Include="mi_camera_base.cpp">
      <Filter>Double</Filter>
    </ClCompile>
    <ClCompile Include="mi_matrix4.cpp">
      <Filter>Double</Filter>
    </ClCompile>
    <ClCompile Include="mi_ortho_camera.cpp">
      <Filter>Double</Filter>
    </ClCompile>
    <ClCompile Include="mi_perspective_camera.cpp">
      <Filter>Double</Filter>
    </ClCompile>
    <ClCompile Include="mi_point2.cpp">
      <Filter>Double</Filter>
    </ClCompile>
    <ClCompile Include="mi_point3.cpp">
      <Filter>Double</Filter>
    </ClCompile>
    <ClCompile Include="mi_vector2.cpp">
      <Filter>Double</Filter>
    </ClCompile>
    <ClCompile Include="mi_matrix4f.cpp">
      <Filter>Float</Filter>
    </ClCompile>
    <ClCompile Include="mi_vector2f.cpp">
      <Filter>Float</Filter>
    </ClCompile>
    <ClCompile Include="mi_vector3f.cpp">
      <Filter>Float</Filter>
    </ClCompile>
    <ClCompile Include="mi_vector4f.cpp">
      <Filter>Float</Filter>
    </ClCompile>
    <ClCompile Include="mi_sampler.cpp">
      <Filter>Sampler</Filter>
    </ClCompile>
    <ClCompile Include="mi_arithmetic_stdafx.cpp">
      <Filter>Config</Filter>
    </ClCompile>
    <ClCompile Include="mi_track_ball.cpp">
      <Filter>Double</Filter>
    </ClCompile>
    <ClCompile Include="mi_aabb.cpp">
      <Filter>Shape</Filter>
    </ClCompile>
    <ClCompile Include="mi_line.cpp">
      <Filter>Shape</Filter>
    </ClCompile>
    <ClCompile Include="mi_line_segment.cpp">
      <Filter>Shape</Filter>
    </ClCompile>
    <ClCompile Include="mi_plane.cpp">
      <Filter>Shape</Filter>
    </ClCompile>
    <ClCompile Include="mi_rectangle.cpp">
      <Filter>Shape</Filter>
    </ClCompile>
    <ClCompile Include="mi_sphere.cpp">
      <Filter>Shape</Filter>
    </ClCompile>
    <ClCompile Include="mi_triangle.cpp">
      <Filter>Shape</Filter>
    </ClCompile>
    <ClCompile Include="mi_arithmetic_utils.cpp">
      <Filter>Utils</Filter>
    </ClCompile>
    <ClCompile Include="mi_intersection_test.cpp">
      <Filter>Utils</Filter>
    </ClCompile>
    <ClCompile Include="mi_rsa_utils.cpp">
      <Filter>RSA</Filter>
    </ClCompile>
    <ClCompile Include="mi_volume_statistician.cpp">
      <Filter>Statistic</Filter>
    </ClCompile>
    <ClCompile Include="mi_ellipsoid.cpp">
      <Filter>Shape</Filter>
    </ClCompile>
  </ItemGroup>
</Project>