<?xml version="1.0" encoding="utf-8"?>
<Project ToolsVersion="14.0" xmlns="http://schemas.microsoft.com/developer/msbuild/2003">
  <ItemGroup>
    <Filter Include="include">
      <UniqueIdentifier>{305b2fb8-09b4-4e86-af4b-6f9f995be9a7}</UniqueIdentifier>
    </Filter>
    <Filter Include="source">
      <UniqueIdentifier>{3fae8b8f-3f31-4214-9066-fe64f0681dc8}</UniqueIdentifier>
    </Filter>
  </ItemGroup>
  <ItemGroup>
    <ClCompile Include="..\ut\cuda_ut\mi_cuda_texture.cpp">
      <Filter>source</Filter>
    </ClCompile>
    <ClCompile Include="..\ut\cuda_ut\mi_cuda_ut.cpp">
      <Filter>source</Filter>
    </ClCompile>
    <ClCompile Include="..\ut\cuda_ut\mi_cuda_vr.cpp">
      <Filter>source</Filter>
    </ClCompile>
    <ClCompile Include="..\ut\cuda_ut\mi_entry_exit_points.cpp">
      <Filter>source</Filter>
    </ClCompile>
  </ItemGroup>
  <ItemGroup>
    <CudaCompile Include="..\ut\cuda_ut\mi_cuda_texture.cu">
      <Filter>source</Filter>
    </CudaCompile>
    <CudaCompile Include="..\ut\cuda_ut\mi_cuda.vr.cu">
      <Filter>source</Filter>
    </CudaCompile>
  </ItemGroup>
  <ItemGroup>
    <ClInclude Include="..\ut\cuda_ut\mi_cuda_vr.h">
      <Filter>include</Filter>
    </ClInclude>
  </ItemGroup>
</Project>